
Microsoft Visual Studio Solution File, Format Version 10.00
# Visual Studio 2008
Project("{8BC9CEB8-8B4A-11D0-8D11-00A0C91BC942}") = "Benchmark", "LIBRARIES\SOURCE\Benchmark\Benchmark.vcproj", "{2CDDF8D7-710A-41B5-8900-6E519D5EA68B}"
EndProject
Project("{8BC9CEB8-8B4A-11D0-8D11-00A0C91BC942}") = "CRCDiff", "Tools\CRCDiff\CRCDiff.vcproj", "{B3E3E2DC-3A7E-47A5-B924-35E43AB1C8C0}"
EndProject
Project("{8BC9CEB8-8B4A-11D0-8D11-00A0C91BC942}") = "Compression", "Libraries\Source\Compression\Compression.vcproj", "{1B9F4270-4EE6-43EB-8FF4-400CDD890316}"
EndProject
Project("{8BC9CEB8-8B4A-11D0-8D11-00A0C91BC942}") = "DatGen", "TOOLS\LAUNCHER\DatGen\DatGen.vcproj", "{BCA7CDAE-78FA-452B-A3CC-4E4014D4D1A2}"
EndProject
Project("{8BC9CEB8-8B4A-11D0-8D11-00A0C91BC942}") = "DebugWindow", "Tools\DebugWindow\DebugWindow.vcproj", "{294FECC9-EAEB-4B94-A39B-DD83746965FD}"
EndProject
Project("{8BC9CEB8-8B4A-11D0-8D11-00A0C91BC942}") = "EABrowserDispatch", "Libraries\Source\EABrowserDispatch\EABrowserDispatch.vcproj", "{FE6A3093-341F-486F-A571-A4C3CD2923F4}"
EndProject
Project("{8BC9CEB8-8B4A-11D0-8D11-00A0C91BC942}") = "GUIEdit", "TOOLS\GUIEdit\GUIEdit.vcproj", "{FA2DC8F0-C9EE-4355-8219-997741E8B8E4}"
	ProjectSection(ProjectDependencies) = postProject
		{B7B3F251-3689-40C9-8537-8BF10BFE9729} = {B7B3F251-3689-40C9-8537-8BF10BFE9729}
		{76ED628D-87F5-4A10-9C28-59AFD03B6032} = {76ED628D-87F5-4A10-9C28-59AFD03B6032}
		{C40C45A4-E704-4E8E-8BEB-5A87B22437A3} = {C40C45A4-E704-4E8E-8BEB-5A87B22437A3}
		{53D2623E-72BD-40BE-AFC3-1A33D68CAAF7} = {53D2623E-72BD-40BE-AFC3-1A33D68CAAF7}
		{52716E35-5FC3-4035-BA0B-224C07298F15} = {52716E35-5FC3-4035-BA0B-224C07298F15}
		{35D6B85B-DCA2-485F-B999-297F01E0BBA2} = {35D6B85B-DCA2-485F-B999-297F01E0BBA2}
		{DA432AA9-925B-47A0-BBD6-F8492DF0CA68} = {DA432AA9-925B-47A0-BBD6-F8492DF0CA68}
		{330BEADB-24DC-411D-9398-48EED39847FA} = {330BEADB-24DC-411D-9398-48EED39847FA}
		{8F3D54A5-336D-4F7C-8B11-DE93319CF107} = {8F3D54A5-336D-4F7C-8B11-DE93319CF107}
		{E0E6975F-FBCC-4230-B369-342A5690BBEA} = {E0E6975F-FBCC-4230-B369-342A5690BBEA}
		{C8A5E94D-0687-4781-BC12-9EF77B5DA327} = {C8A5E94D-0687-4781-BC12-9EF77B5DA327}
		{7F0B346C-CF31-4EAE-B8C3-D20A6178E0D1} = {7F0B346C-CF31-4EAE-B8C3-D20A6178E0D1}
		{6CE8786F-82E9-48ED-A03A-E6E80A843851} = {6CE8786F-82E9-48ED-A03A-E6E80A843851}
		{F19A4857-A5A1-4626-BD75-C41CAB1C9AF5} = {F19A4857-A5A1-4626-BD75-C41CAB1C9AF5}
		{FE6A3093-341F-486F-A571-A4C3CD2923F4} = {FE6A3093-341F-486F-A571-A4C3CD2923F4}
		{2CDDF8D7-710A-41B5-8900-6E519D5EA68B} = {2CDDF8D7-710A-41B5-8900-6E519D5EA68B}
		{5346FFD0-DC49-4E42-B45A-1AF382D48150} = {5346FFD0-DC49-4E42-B45A-1AF382D48150}
	EndProjectSection
EndProject
Project("{8BC9CEB8-8B4A-11D0-8D11-00A0C91BC942}") = "GameEngine", "GameEngine\GameEngine.vcproj", "{B7B3F251-3689-40C9-8537-8BF10BFE9729}"
	ProjectSection(ProjectDependencies) = postProject
		{FE6A3093-341F-486F-A571-A4C3CD2923F4} = {FE6A3093-341F-486F-A571-A4C3CD2923F4}
		{1B9F4270-4EE6-43EB-8FF4-400CDD890316} = {1B9F4270-4EE6-43EB-8FF4-400CDD890316}
		{2CDDF8D7-710A-41B5-8900-6E519D5EA68B} = {2CDDF8D7-710A-41B5-8900-6E519D5EA68B}
	EndProjectSection
EndProject
Project("{8BC9CEB8-8B4A-11D0-8D11-00A0C91BC942}") = "GameEngineDevice", "GameEngineDevice\GameEngineDevice.vcproj", "{76ED628D-87F5-4A10-9C28-59AFD03B6032}"
	ProjectSection(ProjectDependencies) = postProject
		{FE6A3093-341F-486F-A571-A4C3CD2923F4} = {FE6A3093-341F-486F-A571-A4C3CD2923F4}
		{1B9F4270-4EE6-43EB-8FF4-400CDD890316} = {1B9F4270-4EE6-43EB-8FF4-400CDD890316}
		{2CDDF8D7-710A-41B5-8900-6E519D5EA68B} = {2CDDF8D7-710A-41B5-8900-6E519D5EA68B}
	EndProjectSection
EndProject
Project("{059D6162-CD51-11D0-AE1F-00A0C90FFFC3}") = "GameSpyHTTP", "Libraries\Source\GameSpy\GameSpy\ghttp\GameSpyHTTP.dsp", "{C8A5E94D-0687-4781-BC12-9EF77B5DA327}"
EndProject
Project("{059D6162-CD51-11D0-AE1F-00A0C90FFFC3}") = "GameSpyPatching", "Libraries\Source\GameSpy\GameSpy\pt\GameSpyPatching.dsp", "{6CE8786F-82E9-48ED-A03A-E6E80A843851}"
EndProject
Project("{059D6162-CD51-11D0-AE1F-00A0C90FFFC3}") = "GameSpyPeer", "Libraries\Source\GameSpy\GameSpy\peer\GameSpyPeer.dsp", "{8F3D54A5-336D-4F7C-8B11-DE93319CF107}"
EndProject
Project("{059D6162-CD51-11D0-AE1F-00A0C90FFFC3}") = "GameSpyPresence", "Libraries\Source\GameSpy\GameSpy\gp\GameSpyPresence.dsp", "{E0E6975F-FBCC-4230-B369-342A5690BBEA}"
EndProject
Project("{059D6162-CD51-11D0-AE1F-00A0C90FFFC3}") = "GameSpyStats", "Libraries\Source\GameSpy\GameSpy\gstats\GameSpyStats.dsp", "{7F0B346C-CF31-4EAE-B8C3-D20A6178E0D1}"
EndProject
Project("{8BC9CEB8-8B4A-11D0-8D11-00A0C91BC942}") = "ImagePacker", "TOOLS\ImagePacker\ImagePacker.vcproj", "{A0BDB046-71E0-472C-802A-8E969443C4B0}"
	ProjectSection(ProjectDependencies) = postProject
		{B7B3F251-3689-40C9-8537-8BF10BFE9729} = {B7B3F251-3689-40C9-8537-8BF10BFE9729}
		{76ED628D-87F5-4A10-9C28-59AFD03B6032} = {76ED628D-87F5-4A10-9C28-59AFD03B6032}
		{C40C45A4-E704-4E8E-8BEB-5A87B22437A3} = {C40C45A4-E704-4E8E-8BEB-5A87B22437A3}
		{53D2623E-72BD-40BE-AFC3-1A33D68CAAF7} = {53D2623E-72BD-40BE-AFC3-1A33D68CAAF7}
		{52716E35-5FC3-4035-BA0B-224C07298F15} = {52716E35-5FC3-4035-BA0B-224C07298F15}
		{35D6B85B-DCA2-485F-B999-297F01E0BBA2} = {35D6B85B-DCA2-485F-B999-297F01E0BBA2}
		{DA432AA9-925B-47A0-BBD6-F8492DF0CA68} = {DA432AA9-925B-47A0-BBD6-F8492DF0CA68}
		{330BEADB-24DC-411D-9398-48EED39847FA} = {330BEADB-24DC-411D-9398-48EED39847FA}
		{C8A5E94D-0687-4781-BC12-9EF77B5DA327} = {C8A5E94D-0687-4781-BC12-9EF77B5DA327}
		{8F3D54A5-336D-4F7C-8B11-DE93319CF107} = {8F3D54A5-336D-4F7C-8B11-DE93319CF107}
		{E0E6975F-FBCC-4230-B369-342A5690BBEA} = {E0E6975F-FBCC-4230-B369-342A5690BBEA}
		{7F0B346C-CF31-4EAE-B8C3-D20A6178E0D1} = {7F0B346C-CF31-4EAE-B8C3-D20A6178E0D1}
		{6CE8786F-82E9-48ED-A03A-E6E80A843851} = {6CE8786F-82E9-48ED-A03A-E6E80A843851}
		{F19A4857-A5A1-4626-BD75-C41CAB1C9AF5} = {F19A4857-A5A1-4626-BD75-C41CAB1C9AF5}
		{FE6A3093-341F-486F-A571-A4C3CD2923F4} = {FE6A3093-341F-486F-A571-A4C3CD2923F4}
		{2CDDF8D7-710A-41B5-8900-6E519D5EA68B} = {2CDDF8D7-710A-41B5-8900-6E519D5EA68B}
		{5346FFD0-DC49-4E42-B45A-1AF382D48150} = {5346FFD0-DC49-4E42-B45A-1AF382D48150}
	EndProjectSection
EndProject
Project("{8BC9CEB8-8B4A-11D0-8D11-00A0C91BC942}") = "MapCacheBuilder", "Tools\MapCacheBuilder\MapCacheBuilder.vcproj", "{F93B0DA0-7AD7-4CBE-BAB3-067C60ADFB53}"
	ProjectSection(ProjectDependencies) = postProject
		{FE6A3093-341F-486F-A571-A4C3CD2923F4} = {FE6A3093-341F-486F-A571-A4C3CD2923F4}
		{B7B3F251-3689-40C9-8537-8BF10BFE9729} = {B7B3F251-3689-40C9-8537-8BF10BFE9729}
		{76ED628D-87F5-4A10-9C28-59AFD03B6032} = {76ED628D-87F5-4A10-9C28-59AFD03B6032}
		{C8A5E94D-0687-4781-BC12-9EF77B5DA327} = {C8A5E94D-0687-4781-BC12-9EF77B5DA327}
		{6CE8786F-82E9-48ED-A03A-E6E80A843851} = {6CE8786F-82E9-48ED-A03A-E6E80A843851}
		{8F3D54A5-336D-4F7C-8B11-DE93319CF107} = {8F3D54A5-336D-4F7C-8B11-DE93319CF107}
		{E0E6975F-FBCC-4230-B369-342A5690BBEA} = {E0E6975F-FBCC-4230-B369-342A5690BBEA}
		{7F0B346C-CF31-4EAE-B8C3-D20A6178E0D1} = {7F0B346C-CF31-4EAE-B8C3-D20A6178E0D1}
		{C40C45A4-E704-4E8E-8BEB-5A87B22437A3} = {C40C45A4-E704-4E8E-8BEB-5A87B22437A3}
		{53D2623E-72BD-40BE-AFC3-1A33D68CAAF7} = {53D2623E-72BD-40BE-AFC3-1A33D68CAAF7}
		{F19A4857-A5A1-4626-BD75-C41CAB1C9AF5} = {F19A4857-A5A1-4626-BD75-C41CAB1C9AF5}
		{52716E35-5FC3-4035-BA0B-224C07298F15} = {52716E35-5FC3-4035-BA0B-224C07298F15}
		{35D6B85B-DCA2-485F-B999-297F01E0BBA2} = {35D6B85B-DCA2-485F-B999-297F01E0BBA2}
		{DA432AA9-925B-47A0-BBD6-F8492DF0CA68} = {DA432AA9-925B-47A0-BBD6-F8492DF0CA68}
		{330BEADB-24DC-411D-9398-48EED39847FA} = {330BEADB-24DC-411D-9398-48EED39847FA}
		{5346FFD0-DC49-4E42-B45A-1AF382D48150} = {5346FFD0-DC49-4E42-B45A-1AF382D48150}
		{2CDDF8D7-710A-41B5-8900-6E519D5EA68B} = {2CDDF8D7-710A-41B5-8900-6E519D5EA68B}
	EndProjectSection
EndProject
Project("{8BC9CEB8-8B4A-11D0-8D11-00A0C91BC942}") = "ParticleEditor", "Tools\ParticleEditor\ParticleEditor.vcproj", "{99A3D8B7-A492-4792-9B97-1E4923E645EE}"
EndProject
Project("{8BC9CEB8-8B4A-11D0-8D11-00A0C91BC942}") = "RTS", "RTS.vcproj", "{4020AEB3-F479-4FC9-A551-3EEC565C796A}"
	ProjectSection(ProjectDependencies) = postProject
		{B7B3F251-3689-40C9-8537-8BF10BFE9729} = {B7B3F251-3689-40C9-8537-8BF10BFE9729}
		{76ED628D-87F5-4A10-9C28-59AFD03B6032} = {76ED628D-87F5-4A10-9C28-59AFD03B6032}
		{35D6B85B-DCA2-485F-B999-297F01E0BBA2} = {35D6B85B-DCA2-485F-B999-297F01E0BBA2}
		{C40C45A4-E704-4E8E-8BEB-5A87B22437A3} = {C40C45A4-E704-4E8E-8BEB-5A87B22437A3}
		{53D2623E-72BD-40BE-AFC3-1A33D68CAAF7} = {53D2623E-72BD-40BE-AFC3-1A33D68CAAF7}
		{52716E35-5FC3-4035-BA0B-224C07298F15} = {52716E35-5FC3-4035-BA0B-224C07298F15}
		{330BEADB-24DC-411D-9398-48EED39847FA} = {330BEADB-24DC-411D-9398-48EED39847FA}
		{DA432AA9-925B-47A0-BBD6-F8492DF0CA68} = {DA432AA9-925B-47A0-BBD6-F8492DF0CA68}
		{C8A5E94D-0687-4781-BC12-9EF77B5DA327} = {C8A5E94D-0687-4781-BC12-9EF77B5DA327}
		{6CE8786F-82E9-48ED-A03A-E6E80A843851} = {6CE8786F-82E9-48ED-A03A-E6E80A843851}
		{F19A4857-A5A1-4626-BD75-C41CAB1C9AF5} = {F19A4857-A5A1-4626-BD75-C41CAB1C9AF5}
		{FE6A3093-341F-486F-A571-A4C3CD2923F4} = {FE6A3093-341F-486F-A571-A4C3CD2923F4}
		{8F3D54A5-336D-4F7C-8B11-DE93319CF107} = {8F3D54A5-336D-4F7C-8B11-DE93319CF107}
		{E0E6975F-FBCC-4230-B369-342A5690BBEA} = {E0E6975F-FBCC-4230-B369-342A5690BBEA}
		{7F0B346C-CF31-4EAE-B8C3-D20A6178E0D1} = {7F0B346C-CF31-4EAE-B8C3-D20A6178E0D1}
		{2CDDF8D7-710A-41B5-8900-6E519D5EA68B} = {2CDDF8D7-710A-41B5-8900-6E519D5EA68B}
		{5346FFD0-DC49-4E42-B45A-1AF382D48150} = {5346FFD0-DC49-4E42-B45A-1AF382D48150}
		{400C4A48-608C-4FE6-A653-2F47BD917A80} = {400C4A48-608C-4FE6-A653-2F47BD917A80}
		{B41A233B-AABE-4FB5-91C7-3E3898110051} = {B41A233B-AABE-4FB5-91C7-3E3898110051}
		{1A64F843-6C32-4D29-A6B9-B6791DF5F80E} = {1A64F843-6C32-4D29-A6B9-B6791DF5F80E}
		{D3ED671D-ABAF-4A6A-8DA5-28558D171428} = {D3ED671D-ABAF-4A6A-8DA5-28558D171428}
		{53313A02-E928-400B-A253-C0B17E289FE6} = {53313A02-E928-400B-A253-C0B17E289FE6}
	EndProjectSection
EndProject
Project("{8BC9CEB8-8B4A-11D0-8D11-00A0C91BC942}") = "WWDownload", "Libraries\Source\WWVegas\WWDownload\WWDownload.vcproj", "{F19A4857-A5A1-4626-BD75-C41CAB1C9AF5}"
EndProject
Project("{8BC9CEB8-8B4A-11D0-8D11-00A0C91BC942}") = "WorldBuilder", "Tools\WorldBuilder\WorldBuilder.vcproj", "{5F35AD6C-6D1C-444C-8854-BC1BDCEADE56}"
	ProjectSection(ProjectDependencies) = postProject
		{C40C45A4-E704-4E8E-8BEB-5A87B22437A3} = {C40C45A4-E704-4E8E-8BEB-5A87B22437A3}
		{53D2623E-72BD-40BE-AFC3-1A33D68CAAF7} = {53D2623E-72BD-40BE-AFC3-1A33D68CAAF7}
		{52716E35-5FC3-4035-BA0B-224C07298F15} = {52716E35-5FC3-4035-BA0B-224C07298F15}
		{35D6B85B-DCA2-485F-B999-297F01E0BBA2} = {35D6B85B-DCA2-485F-B999-297F01E0BBA2}
		{DA432AA9-925B-47A0-BBD6-F8492DF0CA68} = {DA432AA9-925B-47A0-BBD6-F8492DF0CA68}
		{330BEADB-24DC-411D-9398-48EED39847FA} = {330BEADB-24DC-411D-9398-48EED39847FA}
		{76ED628D-87F5-4A10-9C28-59AFD03B6032} = {76ED628D-87F5-4A10-9C28-59AFD03B6032}
		{B7B3F251-3689-40C9-8537-8BF10BFE9729} = {B7B3F251-3689-40C9-8537-8BF10BFE9729}
		{8F3D54A5-336D-4F7C-8B11-DE93319CF107} = {8F3D54A5-336D-4F7C-8B11-DE93319CF107}
		{E0E6975F-FBCC-4230-B369-342A5690BBEA} = {E0E6975F-FBCC-4230-B369-342A5690BBEA}
		{C8A5E94D-0687-4781-BC12-9EF77B5DA327} = {C8A5E94D-0687-4781-BC12-9EF77B5DA327}
		{7F0B346C-CF31-4EAE-B8C3-D20A6178E0D1} = {7F0B346C-CF31-4EAE-B8C3-D20A6178E0D1}
		{6CE8786F-82E9-48ED-A03A-E6E80A843851} = {6CE8786F-82E9-48ED-A03A-E6E80A843851}
		{F19A4857-A5A1-4626-BD75-C41CAB1C9AF5} = {F19A4857-A5A1-4626-BD75-C41CAB1C9AF5}
		{FE6A3093-341F-486F-A571-A4C3CD2923F4} = {FE6A3093-341F-486F-A571-A4C3CD2923F4}
		{2CDDF8D7-710A-41B5-8900-6E519D5EA68B} = {2CDDF8D7-710A-41B5-8900-6E519D5EA68B}
		{5346FFD0-DC49-4E42-B45A-1AF382D48150} = {5346FFD0-DC49-4E42-B45A-1AF382D48150}
		{400C4A48-608C-4FE6-A653-2F47BD917A80} = {400C4A48-608C-4FE6-A653-2F47BD917A80}
	EndProjectSection
EndProject
Project("{8BC9CEB8-8B4A-11D0-8D11-00A0C91BC942}") = "assetcull", "Tools\assetcull\assetcull.vcproj", "{0ADA81FB-78F8-4E42-B739-5D9ED1068ACC}"
EndProject
Project("{8BC9CEB8-8B4A-11D0-8D11-00A0C91BC942}") = "buildVersionUpdate", "Tools\buildVersionUpdate\buildVersionUpdate.vcproj", "{1A64F843-6C32-4D29-A6B9-B6791DF5F80E}"
EndProject
Project("{8BC9CEB8-8B4A-11D0-8D11-00A0C91BC942}") = "debug", "Libraries\Source\debug\debug.vcproj", "{B41A233B-AABE-4FB5-91C7-3E3898110051}"
EndProject
Project("{8BC9CEB8-8B4A-11D0-8D11-00A0C91BC942}") = "launcher", "Tools\Launcher\launcher.vcproj", "{53313A02-E928-400B-A253-C0B17E289FE6}"
EndProject
Project("{8BC9CEB8-8B4A-11D0-8D11-00A0C91BC942}") = "patchgrabber", "Tools\PATCHGET\patchgrabber.vcproj", "{A5ECDFF0-66E5-4B32-80E3-75BADBBA96FB}"
	ProjectSection(ProjectDependencies) = postProject
		{C8A5E94D-0687-4781-BC12-9EF77B5DA327} = {C8A5E94D-0687-4781-BC12-9EF77B5DA327}
		{F19A4857-A5A1-4626-BD75-C41CAB1C9AF5} = {F19A4857-A5A1-4626-BD75-C41CAB1C9AF5}
	EndProjectSection
EndProject
Project("{8BC9CEB8-8B4A-11D0-8D11-00A0C91BC942}") = "profile", "Libraries\Source\profile\profile.vcproj", "{400C4A48-608C-4FE6-A653-2F47BD917A80}"
EndProject
Project("{8BC9CEB8-8B4A-11D0-8D11-00A0C91BC942}") = "versionUpdate", "Tools\versionUpdate\versionUpdate.vcproj", "{D3ED671D-ABAF-4A6A-8DA5-28558D171428}"
EndProject
Project("{8BC9CEB8-8B4A-11D0-8D11-00A0C91BC942}") = "ww3d2", "Libraries\Source\WWVegas\WW3D2\ww3d2.vcproj", "{C40C45A4-E704-4E8E-8BEB-5A87B22437A3}"
EndProject
Project("{8BC9CEB8-8B4A-11D0-8D11-00A0C91BC942}") = "wwdebug", "Libraries\Source\WWVegas\WWDebug\wwdebug.vcproj", "{53D2623E-72BD-40BE-AFC3-1A33D68CAAF7}"
EndProject
Project("{8BC9CEB8-8B4A-11D0-8D11-00A0C91BC942}") = "wwlib", "Libraries\Source\WWVegas\WWLib\wwlib.vcproj", "{52716E35-5FC3-4035-BA0B-224C07298F15}"
EndProject
Project("{8BC9CEB8-8B4A-11D0-8D11-00A0C91BC942}") = "wwmath", "Libraries\Source\WWVegas\WWMath\wwmath.vcproj", "{35D6B85B-DCA2-485F-B999-297F01E0BBA2}"
EndProject
Project("{8BC9CEB8-8B4A-11D0-8D11-00A0C91BC942}") = "wwsaveload", "Libraries\Source\WWVegas\WWSaveLoad\wwsaveload.vcproj", "{DA432AA9-925B-47A0-BBD6-F8492DF0CA68}"
EndProject
Project("{8BC9CEB8-8B4A-11D0-8D11-00A0C91BC942}") = "wwshade", "Libraries\Source\WWVegas\wwshade\wwshade.vcproj", "{5346FFD0-DC49-4E42-B45A-1AF382D48150}"
EndProject
Project("{8BC9CEB8-8B4A-11D0-8D11-00A0C91BC942}") = "wwutil", "Libraries\Source\WWVegas\Wwutil\wwutil.vcproj", "{330BEADB-24DC-411D-9398-48EED39847FA}"
EndProject
Global
	GlobalSection(SolutionConfigurationPlatforms) = preSolution
		Debug|Win32 = Debug|Win32
		DebugE|Win32 = DebugE|Win32
		DebugW3D|Win32 = DebugW3D|Win32
		French|Win32 = French|Win32
		German|Win32 = German|Win32
		Internal|Win32 = Internal|Win32
		Profile|Win32 = Profile|Win32
		ProfileE|Win32 = ProfileE|Win32
		Release|Win32 = Release|Win32
		Spanish|Win32 = Spanish|Win32
	EndGlobalSection
	GlobalSection(ProjectConfigurationPlatforms) = postSolution
		{2CDDF8D7-710A-41B5-8900-6E519D5EA68B}.Debug|Win32.ActiveCfg = Debug|Win32
		{2CDDF8D7-710A-41B5-8900-6E519D5EA68B}.Debug|Win32.Build.0 = Debug|Win32
		{2CDDF8D7-710A-41B5-8900-6E519D5EA68B}.DebugE|Win32.ActiveCfg = Debug|Win32
		{2CDDF8D7-710A-41B5-8900-6E519D5EA68B}.DebugE|Win32.Build.0 = Debug|Win32
		{2CDDF8D7-710A-41B5-8900-6E519D5EA68B}.DebugW3D|Win32.ActiveCfg = Debug|Win32
		{2CDDF8D7-710A-41B5-8900-6E519D5EA68B}.DebugW3D|Win32.Build.0 = Debug|Win32
		{2CDDF8D7-710A-41B5-8900-6E519D5EA68B}.French|Win32.ActiveCfg = Debug|Win32
		{2CDDF8D7-710A-41B5-8900-6E519D5EA68B}.French|Win32.Build.0 = Debug|Win32
		{2CDDF8D7-710A-41B5-8900-6E519D5EA68B}.German|Win32.ActiveCfg = Debug|Win32
		{2CDDF8D7-710A-41B5-8900-6E519D5EA68B}.German|Win32.Build.0 = Debug|Win32
		{2CDDF8D7-710A-41B5-8900-6E519D5EA68B}.Internal|Win32.ActiveCfg = Debug|Win32
		{2CDDF8D7-710A-41B5-8900-6E519D5EA68B}.Internal|Win32.Build.0 = Debug|Win32
		{2CDDF8D7-710A-41B5-8900-6E519D5EA68B}.Profile|Win32.ActiveCfg = Debug|Win32
		{2CDDF8D7-710A-41B5-8900-6E519D5EA68B}.Profile|Win32.Build.0 = Debug|Win32
		{2CDDF8D7-710A-41B5-8900-6E519D5EA68B}.ProfileE|Win32.ActiveCfg = Debug|Win32
		{2CDDF8D7-710A-41B5-8900-6E519D5EA68B}.ProfileE|Win32.Build.0 = Debug|Win32
		{2CDDF8D7-710A-41B5-8900-6E519D5EA68B}.Release|Win32.ActiveCfg = Release|Win32
		{2CDDF8D7-710A-41B5-8900-6E519D5EA68B}.Release|Win32.Build.0 = Release|Win32
		{2CDDF8D7-710A-41B5-8900-6E519D5EA68B}.Spanish|Win32.ActiveCfg = Debug|Win32
		{2CDDF8D7-710A-41B5-8900-6E519D5EA68B}.Spanish|Win32.Build.0 = Debug|Win32
		{B3E3E2DC-3A7E-47A5-B924-35E43AB1C8C0}.Debug|Win32.ActiveCfg = Debug|Win32
		{B3E3E2DC-3A7E-47A5-B924-35E43AB1C8C0}.Debug|Win32.Build.0 = Debug|Win32
		{B3E3E2DC-3A7E-47A5-B924-35E43AB1C8C0}.DebugE|Win32.ActiveCfg = Debug|Win32
		{B3E3E2DC-3A7E-47A5-B924-35E43AB1C8C0}.DebugE|Win32.Build.0 = Debug|Win32
		{B3E3E2DC-3A7E-47A5-B924-35E43AB1C8C0}.DebugW3D|Win32.ActiveCfg = Debug|Win32
		{B3E3E2DC-3A7E-47A5-B924-35E43AB1C8C0}.DebugW3D|Win32.Build.0 = Debug|Win32
		{B3E3E2DC-3A7E-47A5-B924-35E43AB1C8C0}.French|Win32.ActiveCfg = Release|Win32
		{B3E3E2DC-3A7E-47A5-B924-35E43AB1C8C0}.French|Win32.Build.0 = Release|Win32
		{B3E3E2DC-3A7E-47A5-B924-35E43AB1C8C0}.German|Win32.ActiveCfg = Release|Win32
		{B3E3E2DC-3A7E-47A5-B924-35E43AB1C8C0}.German|Win32.Build.0 = Release|Win32
		{B3E3E2DC-3A7E-47A5-B924-35E43AB1C8C0}.Internal|Win32.ActiveCfg = Release|Win32
		{B3E3E2DC-3A7E-47A5-B924-35E43AB1C8C0}.Internal|Win32.Build.0 = Release|Win32
		{B3E3E2DC-3A7E-47A5-B924-35E43AB1C8C0}.Profile|Win32.ActiveCfg = Release|Win32
		{B3E3E2DC-3A7E-47A5-B924-35E43AB1C8C0}.Profile|Win32.Build.0 = Release|Win32
		{B3E3E2DC-3A7E-47A5-B924-35E43AB1C8C0}.ProfileE|Win32.ActiveCfg = Release|Win32
		{B3E3E2DC-3A7E-47A5-B924-35E43AB1C8C0}.ProfileE|Win32.Build.0 = Release|Win32
		{B3E3E2DC-3A7E-47A5-B924-35E43AB1C8C0}.Release|Win32.ActiveCfg = Release|Win32
		{B3E3E2DC-3A7E-47A5-B924-35E43AB1C8C0}.Release|Win32.Build.0 = Release|Win32
		{B3E3E2DC-3A7E-47A5-B924-35E43AB1C8C0}.Spanish|Win32.ActiveCfg = Release|Win32
		{B3E3E2DC-3A7E-47A5-B924-35E43AB1C8C0}.Spanish|Win32.Build.0 = Release|Win32
		{1B9F4270-4EE6-43EB-8FF4-400CDD890316}.Debug|Win32.ActiveCfg = Debug|Win32
		{1B9F4270-4EE6-43EB-8FF4-400CDD890316}.Debug|Win32.Build.0 = Debug|Win32
		{1B9F4270-4EE6-43EB-8FF4-400CDD890316}.DebugE|Win32.ActiveCfg = Debug|Win32
		{1B9F4270-4EE6-43EB-8FF4-400CDD890316}.DebugE|Win32.Build.0 = Debug|Win32
		{1B9F4270-4EE6-43EB-8FF4-400CDD890316}.DebugW3D|Win32.ActiveCfg = Debug|Win32
		{1B9F4270-4EE6-43EB-8FF4-400CDD890316}.DebugW3D|Win32.Build.0 = Debug|Win32
		{1B9F4270-4EE6-43EB-8FF4-400CDD890316}.French|Win32.ActiveCfg = Debug|Win32
		{1B9F4270-4EE6-43EB-8FF4-400CDD890316}.French|Win32.Build.0 = Debug|Win32
		{1B9F4270-4EE6-43EB-8FF4-400CDD890316}.German|Win32.ActiveCfg = Debug|Win32
		{1B9F4270-4EE6-43EB-8FF4-400CDD890316}.German|Win32.Build.0 = Debug|Win32
		{1B9F4270-4EE6-43EB-8FF4-400CDD890316}.Internal|Win32.ActiveCfg = Internal|Win32
		{1B9F4270-4EE6-43EB-8FF4-400CDD890316}.Internal|Win32.Build.0 = Internal|Win32
		{1B9F4270-4EE6-43EB-8FF4-400CDD890316}.Profile|Win32.ActiveCfg = Debug|Win32
		{1B9F4270-4EE6-43EB-8FF4-400CDD890316}.Profile|Win32.Build.0 = Debug|Win32
		{1B9F4270-4EE6-43EB-8FF4-400CDD890316}.ProfileE|Win32.ActiveCfg = Debug|Win32
		{1B9F4270-4EE6-43EB-8FF4-400CDD890316}.ProfileE|Win32.Build.0 = Debug|Win32
		{1B9F4270-4EE6-43EB-8FF4-400CDD890316}.Release|Win32.ActiveCfg = Release|Win32
		{1B9F4270-4EE6-43EB-8FF4-400CDD890316}.Release|Win32.Build.0 = Release|Win32
		{1B9F4270-4EE6-43EB-8FF4-400CDD890316}.Spanish|Win32.ActiveCfg = Debug|Win32
		{1B9F4270-4EE6-43EB-8FF4-400CDD890316}.Spanish|Win32.Build.0 = Debug|Win32
		{BCA7CDAE-78FA-452B-A3CC-4E4014D4D1A2}.Debug|Win32.ActiveCfg = Debug|Win32
		{BCA7CDAE-78FA-452B-A3CC-4E4014D4D1A2}.Debug|Win32.Build.0 = Debug|Win32
		{BCA7CDAE-78FA-452B-A3CC-4E4014D4D1A2}.DebugE|Win32.ActiveCfg = Debug|Win32
		{BCA7CDAE-78FA-452B-A3CC-4E4014D4D1A2}.DebugE|Win32.Build.0 = Debug|Win32
		{BCA7CDAE-78FA-452B-A3CC-4E4014D4D1A2}.DebugW3D|Win32.ActiveCfg = Debug|Win32
		{BCA7CDAE-78FA-452B-A3CC-4E4014D4D1A2}.DebugW3D|Win32.Build.0 = Debug|Win32
		{BCA7CDAE-78FA-452B-A3CC-4E4014D4D1A2}.French|Win32.ActiveCfg = Release|Win32
		{BCA7CDAE-78FA-452B-A3CC-4E4014D4D1A2}.French|Win32.Build.0 = Release|Win32
		{BCA7CDAE-78FA-452B-A3CC-4E4014D4D1A2}.German|Win32.ActiveCfg = Release|Win32
		{BCA7CDAE-78FA-452B-A3CC-4E4014D4D1A2}.German|Win32.Build.0 = Release|Win32
		{BCA7CDAE-78FA-452B-A3CC-4E4014D4D1A2}.Internal|Win32.ActiveCfg = Release|Win32
		{BCA7CDAE-78FA-452B-A3CC-4E4014D4D1A2}.Internal|Win32.Build.0 = Release|Win32
		{BCA7CDAE-78FA-452B-A3CC-4E4014D4D1A2}.Profile|Win32.ActiveCfg = Release|Win32
		{BCA7CDAE-78FA-452B-A3CC-4E4014D4D1A2}.Profile|Win32.Build.0 = Release|Win32
		{BCA7CDAE-78FA-452B-A3CC-4E4014D4D1A2}.ProfileE|Win32.ActiveCfg = Release|Win32
		{BCA7CDAE-78FA-452B-A3CC-4E4014D4D1A2}.ProfileE|Win32.Build.0 = Release|Win32
		{BCA7CDAE-78FA-452B-A3CC-4E4014D4D1A2}.Release|Win32.ActiveCfg = Release|Win32
		{BCA7CDAE-78FA-452B-A3CC-4E4014D4D1A2}.Release|Win32.Build.0 = Release|Win32
		{BCA7CDAE-78FA-452B-A3CC-4E4014D4D1A2}.Spanish|Win32.ActiveCfg = Release|Win32
		{BCA7CDAE-78FA-452B-A3CC-4E4014D4D1A2}.Spanish|Win32.Build.0 = Release|Win32
		{294FECC9-EAEB-4B94-A39B-DD83746965FD}.Debug|Win32.ActiveCfg = Debug|Win32
		{294FECC9-EAEB-4B94-A39B-DD83746965FD}.Debug|Win32.Build.0 = Debug|Win32
		{294FECC9-EAEB-4B94-A39B-DD83746965FD}.DebugE|Win32.ActiveCfg = Debug|Win32
		{294FECC9-EAEB-4B94-A39B-DD83746965FD}.DebugE|Win32.Build.0 = Debug|Win32
		{294FECC9-EAEB-4B94-A39B-DD83746965FD}.DebugW3D|Win32.ActiveCfg = Debug|Win32
		{294FECC9-EAEB-4B94-A39B-DD83746965FD}.DebugW3D|Win32.Build.0 = Debug|Win32
		{294FECC9-EAEB-4B94-A39B-DD83746965FD}.French|Win32.ActiveCfg = Release|Win32
		{294FECC9-EAEB-4B94-A39B-DD83746965FD}.French|Win32.Build.0 = Release|Win32
		{294FECC9-EAEB-4B94-A39B-DD83746965FD}.German|Win32.ActiveCfg = Release|Win32
		{294FECC9-EAEB-4B94-A39B-DD83746965FD}.German|Win32.Build.0 = Release|Win32
		{294FECC9-EAEB-4B94-A39B-DD83746965FD}.Internal|Win32.ActiveCfg = Release|Win32
		{294FECC9-EAEB-4B94-A39B-DD83746965FD}.Internal|Win32.Build.0 = Release|Win32
		{294FECC9-EAEB-4B94-A39B-DD83746965FD}.Profile|Win32.ActiveCfg = Release|Win32
		{294FECC9-EAEB-4B94-A39B-DD83746965FD}.Profile|Win32.Build.0 = Release|Win32
		{294FECC9-EAEB-4B94-A39B-DD83746965FD}.ProfileE|Win32.ActiveCfg = Release|Win32
		{294FECC9-EAEB-4B94-A39B-DD83746965FD}.ProfileE|Win32.Build.0 = Release|Win32
		{294FECC9-EAEB-4B94-A39B-DD83746965FD}.Release|Win32.ActiveCfg = Release|Win32
		{294FECC9-EAEB-4B94-A39B-DD83746965FD}.Release|Win32.Build.0 = Release|Win32
		{294FECC9-EAEB-4B94-A39B-DD83746965FD}.Spanish|Win32.ActiveCfg = Release|Win32
		{294FECC9-EAEB-4B94-A39B-DD83746965FD}.Spanish|Win32.Build.0 = Release|Win32
		{FE6A3093-341F-486F-A571-A4C3CD2923F4}.Debug|Win32.ActiveCfg = Debug|Win32
		{FE6A3093-341F-486F-A571-A4C3CD2923F4}.Debug|Win32.Build.0 = Debug|Win32
		{FE6A3093-341F-486F-A571-A4C3CD2923F4}.DebugE|Win32.ActiveCfg = Debug|Win32
		{FE6A3093-341F-486F-A571-A4C3CD2923F4}.DebugE|Win32.Build.0 = Debug|Win32
		{FE6A3093-341F-486F-A571-A4C3CD2923F4}.DebugW3D|Win32.ActiveCfg = Debug|Win32
		{FE6A3093-341F-486F-A571-A4C3CD2923F4}.DebugW3D|Win32.Build.0 = Debug|Win32
		{FE6A3093-341F-486F-A571-A4C3CD2923F4}.French|Win32.ActiveCfg = Internal|Win32
		{FE6A3093-341F-486F-A571-A4C3CD2923F4}.French|Win32.Build.0 = Internal|Win32
		{FE6A3093-341F-486F-A571-A4C3CD2923F4}.German|Win32.ActiveCfg = Internal|Win32
		{FE6A3093-341F-486F-A571-A4C3CD2923F4}.German|Win32.Build.0 = Internal|Win32
		{FE6A3093-341F-486F-A571-A4C3CD2923F4}.Internal|Win32.ActiveCfg = Internal|Win32
		{FE6A3093-341F-486F-A571-A4C3CD2923F4}.Internal|Win32.Build.0 = Internal|Win32
		{FE6A3093-341F-486F-A571-A4C3CD2923F4}.Profile|Win32.ActiveCfg = Internal|Win32
		{FE6A3093-341F-486F-A571-A4C3CD2923F4}.Profile|Win32.Build.0 = Internal|Win32
		{FE6A3093-341F-486F-A571-A4C3CD2923F4}.ProfileE|Win32.ActiveCfg = Internal|Win32
		{FE6A3093-341F-486F-A571-A4C3CD2923F4}.ProfileE|Win32.Build.0 = Internal|Win32
		{FE6A3093-341F-486F-A571-A4C3CD2923F4}.Release|Win32.ActiveCfg = Release|Win32
		{FE6A3093-341F-486F-A571-A4C3CD2923F4}.Release|Win32.Build.0 = Release|Win32
		{FE6A3093-341F-486F-A571-A4C3CD2923F4}.Spanish|Win32.ActiveCfg = Internal|Win32
		{FE6A3093-341F-486F-A571-A4C3CD2923F4}.Spanish|Win32.Build.0 = Internal|Win32
		{FA2DC8F0-C9EE-4355-8219-997741E8B8E4}.Debug|Win32.ActiveCfg = Debug|Win32
		{FA2DC8F0-C9EE-4355-8219-997741E8B8E4}.Debug|Win32.Build.0 = Debug|Win32
		{FA2DC8F0-C9EE-4355-8219-997741E8B8E4}.DebugE|Win32.ActiveCfg = Debug|Win32
		{FA2DC8F0-C9EE-4355-8219-997741E8B8E4}.DebugE|Win32.Build.0 = Debug|Win32
		{FA2DC8F0-C9EE-4355-8219-997741E8B8E4}.DebugW3D|Win32.ActiveCfg = Debug|Win32
		{FA2DC8F0-C9EE-4355-8219-997741E8B8E4}.DebugW3D|Win32.Build.0 = Debug|Win32
		{FA2DC8F0-C9EE-4355-8219-997741E8B8E4}.French|Win32.ActiveCfg = Internal|Win32
		{FA2DC8F0-C9EE-4355-8219-997741E8B8E4}.French|Win32.Build.0 = Internal|Win32
		{FA2DC8F0-C9EE-4355-8219-997741E8B8E4}.German|Win32.ActiveCfg = Internal|Win32
		{FA2DC8F0-C9EE-4355-8219-997741E8B8E4}.German|Win32.Build.0 = Internal|Win32
		{FA2DC8F0-C9EE-4355-8219-997741E8B8E4}.Internal|Win32.ActiveCfg = Internal|Win32
		{FA2DC8F0-C9EE-4355-8219-997741E8B8E4}.Internal|Win32.Build.0 = Internal|Win32
		{FA2DC8F0-C9EE-4355-8219-997741E8B8E4}.Profile|Win32.ActiveCfg = Internal|Win32
		{FA2DC8F0-C9EE-4355-8219-997741E8B8E4}.Profile|Win32.Build.0 = Internal|Win32
		{FA2DC8F0-C9EE-4355-8219-997741E8B8E4}.ProfileE|Win32.ActiveCfg = Internal|Win32
		{FA2DC8F0-C9EE-4355-8219-997741E8B8E4}.ProfileE|Win32.Build.0 = Internal|Win32
		{FA2DC8F0-C9EE-4355-8219-997741E8B8E4}.Release|Win32.ActiveCfg = Release|Win32
		{FA2DC8F0-C9EE-4355-8219-997741E8B8E4}.Release|Win32.Build.0 = Release|Win32
		{FA2DC8F0-C9EE-4355-8219-997741E8B8E4}.Spanish|Win32.ActiveCfg = Internal|Win32
		{FA2DC8F0-C9EE-4355-8219-997741E8B8E4}.Spanish|Win32.Build.0 = Internal|Win32
		{B7B3F251-3689-40C9-8537-8BF10BFE9729}.Debug|Win32.ActiveCfg = Debug|Win32
		{B7B3F251-3689-40C9-8537-8BF10BFE9729}.Debug|Win32.Build.0 = Debug|Win32
		{B7B3F251-3689-40C9-8537-8BF10BFE9729}.DebugE|Win32.ActiveCfg = Debug|Win32
		{B7B3F251-3689-40C9-8537-8BF10BFE9729}.DebugE|Win32.Build.0 = Debug|Win32
		{B7B3F251-3689-40C9-8537-8BF10BFE9729}.DebugW3D|Win32.ActiveCfg = Debug|Win32
		{B7B3F251-3689-40C9-8537-8BF10BFE9729}.DebugW3D|Win32.Build.0 = Debug|Win32
		{B7B3F251-3689-40C9-8537-8BF10BFE9729}.French|Win32.ActiveCfg = Profile|Win32
		{B7B3F251-3689-40C9-8537-8BF10BFE9729}.French|Win32.Build.0 = Profile|Win32
		{B7B3F251-3689-40C9-8537-8BF10BFE9729}.German|Win32.ActiveCfg = Profile|Win32
		{B7B3F251-3689-40C9-8537-8BF10BFE9729}.German|Win32.Build.0 = Profile|Win32
		{B7B3F251-3689-40C9-8537-8BF10BFE9729}.Internal|Win32.ActiveCfg = Internal|Win32
		{B7B3F251-3689-40C9-8537-8BF10BFE9729}.Internal|Win32.Build.0 = Internal|Win32
		{B7B3F251-3689-40C9-8537-8BF10BFE9729}.Profile|Win32.ActiveCfg = Profile|Win32
		{B7B3F251-3689-40C9-8537-8BF10BFE9729}.Profile|Win32.Build.0 = Profile|Win32
		{B7B3F251-3689-40C9-8537-8BF10BFE9729}.ProfileE|Win32.ActiveCfg = Profile|Win32
		{B7B3F251-3689-40C9-8537-8BF10BFE9729}.ProfileE|Win32.Build.0 = Profile|Win32
		{B7B3F251-3689-40C9-8537-8BF10BFE9729}.Release|Win32.ActiveCfg = Release|Win32
		{B7B3F251-3689-40C9-8537-8BF10BFE9729}.Release|Win32.Build.0 = Release|Win32
		{B7B3F251-3689-40C9-8537-8BF10BFE9729}.Spanish|Win32.ActiveCfg = Profile|Win32
		{B7B3F251-3689-40C9-8537-8BF10BFE9729}.Spanish|Win32.Build.0 = Profile|Win32
		{76ED628D-87F5-4A10-9C28-59AFD03B6032}.Debug|Win32.ActiveCfg = Debug|Win32
		{76ED628D-87F5-4A10-9C28-59AFD03B6032}.Debug|Win32.Build.0 = Debug|Win32
		{76ED628D-87F5-4A10-9C28-59AFD03B6032}.DebugE|Win32.ActiveCfg = Debug|Win32
		{76ED628D-87F5-4A10-9C28-59AFD03B6032}.DebugE|Win32.Build.0 = Debug|Win32
		{76ED628D-87F5-4A10-9C28-59AFD03B6032}.DebugW3D|Win32.ActiveCfg = Debug|Win32
		{76ED628D-87F5-4A10-9C28-59AFD03B6032}.DebugW3D|Win32.Build.0 = Debug|Win32
		{76ED628D-87F5-4A10-9C28-59AFD03B6032}.French|Win32.ActiveCfg = Profile|Win32
		{76ED628D-87F5-4A10-9C28-59AFD03B6032}.French|Win32.Build.0 = Profile|Win32
		{76ED628D-87F5-4A10-9C28-59AFD03B6032}.German|Win32.ActiveCfg = Profile|Win32
		{76ED628D-87F5-4A10-9C28-59AFD03B6032}.German|Win32.Build.0 = Profile|Win32
		{76ED628D-87F5-4A10-9C28-59AFD03B6032}.Internal|Win32.ActiveCfg = Internal|Win32
		{76ED628D-87F5-4A10-9C28-59AFD03B6032}.Internal|Win32.Build.0 = Internal|Win32
		{76ED628D-87F5-4A10-9C28-59AFD03B6032}.Profile|Win32.ActiveCfg = Profile|Win32
		{76ED628D-87F5-4A10-9C28-59AFD03B6032}.Profile|Win32.Build.0 = Profile|Win32
		{76ED628D-87F5-4A10-9C28-59AFD03B6032}.ProfileE|Win32.ActiveCfg = Profile|Win32
		{76ED628D-87F5-4A10-9C28-59AFD03B6032}.ProfileE|Win32.Build.0 = Profile|Win32
		{76ED628D-87F5-4A10-9C28-59AFD03B6032}.Release|Win32.ActiveCfg = Release|Win32
		{76ED628D-87F5-4A10-9C28-59AFD03B6032}.Release|Win32.Build.0 = Release|Win32
		{76ED628D-87F5-4A10-9C28-59AFD03B6032}.Spanish|Win32.ActiveCfg = Profile|Win32
		{76ED628D-87F5-4A10-9C28-59AFD03B6032}.Spanish|Win32.Build.0 = Profile|Win32
		{A0BDB046-71E0-472C-802A-8E969443C4B0}.Debug|Win32.ActiveCfg = Debug|Win32
		{A0BDB046-71E0-472C-802A-8E969443C4B0}.Debug|Win32.Build.0 = Debug|Win32
		{A0BDB046-71E0-472C-802A-8E969443C4B0}.DebugE|Win32.ActiveCfg = Debug|Win32
		{A0BDB046-71E0-472C-802A-8E969443C4B0}.DebugE|Win32.Build.0 = Debug|Win32
		{A0BDB046-71E0-472C-802A-8E969443C4B0}.DebugW3D|Win32.ActiveCfg = Debug|Win32
		{A0BDB046-71E0-472C-802A-8E969443C4B0}.DebugW3D|Win32.Build.0 = Debug|Win32
		{A0BDB046-71E0-472C-802A-8E969443C4B0}.French|Win32.ActiveCfg = Release|Win32
		{A0BDB046-71E0-472C-802A-8E969443C4B0}.French|Win32.Build.0 = Release|Win32
		{A0BDB046-71E0-472C-802A-8E969443C4B0}.German|Win32.ActiveCfg = Release|Win32
		{A0BDB046-71E0-472C-802A-8E969443C4B0}.German|Win32.Build.0 = Release|Win32
		{A0BDB046-71E0-472C-802A-8E969443C4B0}.Internal|Win32.ActiveCfg = Internal|Win32
		{A0BDB046-71E0-472C-802A-8E969443C4B0}.Internal|Win32.Build.0 = Internal|Win32
		{A0BDB046-71E0-472C-802A-8E969443C4B0}.Profile|Win32.ActiveCfg = Release|Win32
		{A0BDB046-71E0-472C-802A-8E969443C4B0}.Profile|Win32.Build.0 = Release|Win32
		{A0BDB046-71E0-472C-802A-8E969443C4B0}.ProfileE|Win32.ActiveCfg = Release|Win32
		{A0BDB046-71E0-472C-802A-8E969443C4B0}.ProfileE|Win32.Build.0 = Release|Win32
		{A0BDB046-71E0-472C-802A-8E969443C4B0}.Release|Win32.ActiveCfg = Release|Win32
		{A0BDB046-71E0-472C-802A-8E969443C4B0}.Release|Win32.Build.0 = Release|Win32
		{A0BDB046-71E0-472C-802A-8E969443C4B0}.Spanish|Win32.ActiveCfg = Release|Win32
		{A0BDB046-71E0-472C-802A-8E969443C4B0}.Spanish|Win32.Build.0 = Release|Win32
		{F93B0DA0-7AD7-4CBE-BAB3-067C60ADFB53}.Debug|Win32.ActiveCfg = Debug|Win32
		{F93B0DA0-7AD7-4CBE-BAB3-067C60ADFB53}.Debug|Win32.Build.0 = Debug|Win32
		{F93B0DA0-7AD7-4CBE-BAB3-067C60ADFB53}.DebugE|Win32.ActiveCfg = Debug|Win32
		{F93B0DA0-7AD7-4CBE-BAB3-067C60ADFB53}.DebugE|Win32.Build.0 = Debug|Win32
		{F93B0DA0-7AD7-4CBE-BAB3-067C60ADFB53}.DebugW3D|Win32.ActiveCfg = Debug|Win32
		{F93B0DA0-7AD7-4CBE-BAB3-067C60ADFB53}.DebugW3D|Win32.Build.0 = Debug|Win32
		{F93B0DA0-7AD7-4CBE-BAB3-067C60ADFB53}.French|Win32.ActiveCfg = Release|Win32
		{F93B0DA0-7AD7-4CBE-BAB3-067C60ADFB53}.French|Win32.Build.0 = Release|Win32
		{F93B0DA0-7AD7-4CBE-BAB3-067C60ADFB53}.German|Win32.ActiveCfg = Release|Win32
		{F93B0DA0-7AD7-4CBE-BAB3-067C60ADFB53}.German|Win32.Build.0 = Release|Win32
		{F93B0DA0-7AD7-4CBE-BAB3-067C60ADFB53}.Internal|Win32.ActiveCfg = Internal|Win32
		{F93B0DA0-7AD7-4CBE-BAB3-067C60ADFB53}.Internal|Win32.Build.0 = Internal|Win32
		{F93B0DA0-7AD7-4CBE-BAB3-067C60ADFB53}.Profile|Win32.ActiveCfg = Release|Win32
		{F93B0DA0-7AD7-4CBE-BAB3-067C60ADFB53}.Profile|Win32.Build.0 = Release|Win32
		{F93B0DA0-7AD7-4CBE-BAB3-067C60ADFB53}.ProfileE|Win32.ActiveCfg = Release|Win32
		{F93B0DA0-7AD7-4CBE-BAB3-067C60ADFB53}.ProfileE|Win32.Build.0 = Release|Win32
		{F93B0DA0-7AD7-4CBE-BAB3-067C60ADFB53}.Release|Win32.ActiveCfg = Release|Win32
		{F93B0DA0-7AD7-4CBE-BAB3-067C60ADFB53}.Release|Win32.Build.0 = Release|Win32
		{F93B0DA0-7AD7-4CBE-BAB3-067C60ADFB53}.Spanish|Win32.ActiveCfg = Release|Win32
		{F93B0DA0-7AD7-4CBE-BAB3-067C60ADFB53}.Spanish|Win32.Build.0 = Release|Win32
		{99A3D8B7-A492-4792-9B97-1E4923E645EE}.Debug|Win32.ActiveCfg = Debug|Win32
		{99A3D8B7-A492-4792-9B97-1E4923E645EE}.Debug|Win32.Build.0 = Debug|Win32
		{99A3D8B7-A492-4792-9B97-1E4923E645EE}.DebugE|Win32.ActiveCfg = Debug|Win32
		{99A3D8B7-A492-4792-9B97-1E4923E645EE}.DebugE|Win32.Build.0 = Debug|Win32
		{99A3D8B7-A492-4792-9B97-1E4923E645EE}.DebugW3D|Win32.ActiveCfg = Debug|Win32
		{99A3D8B7-A492-4792-9B97-1E4923E645EE}.DebugW3D|Win32.Build.0 = Debug|Win32
		{99A3D8B7-A492-4792-9B97-1E4923E645EE}.French|Win32.ActiveCfg = Debug|Win32
		{99A3D8B7-A492-4792-9B97-1E4923E645EE}.French|Win32.Build.0 = Debug|Win32
		{99A3D8B7-A492-4792-9B97-1E4923E645EE}.German|Win32.ActiveCfg = Debug|Win32
		{99A3D8B7-A492-4792-9B97-1E4923E645EE}.German|Win32.Build.0 = Debug|Win32
		{99A3D8B7-A492-4792-9B97-1E4923E645EE}.Internal|Win32.ActiveCfg = Debug|Win32
		{99A3D8B7-A492-4792-9B97-1E4923E645EE}.Internal|Win32.Build.0 = Debug|Win32
		{99A3D8B7-A492-4792-9B97-1E4923E645EE}.Profile|Win32.ActiveCfg = Debug|Win32
		{99A3D8B7-A492-4792-9B97-1E4923E645EE}.Profile|Win32.Build.0 = Debug|Win32
		{99A3D8B7-A492-4792-9B97-1E4923E645EE}.ProfileE|Win32.ActiveCfg = Debug|Win32
		{99A3D8B7-A492-4792-9B97-1E4923E645EE}.ProfileE|Win32.Build.0 = Debug|Win32
		{99A3D8B7-A492-4792-9B97-1E4923E645EE}.Release|Win32.ActiveCfg = Release|Win32
		{99A3D8B7-A492-4792-9B97-1E4923E645EE}.Release|Win32.Build.0 = Release|Win32
		{99A3D8B7-A492-4792-9B97-1E4923E645EE}.Spanish|Win32.ActiveCfg = Debug|Win32
		{99A3D8B7-A492-4792-9B97-1E4923E645EE}.Spanish|Win32.Build.0 = Debug|Win32
		{4020AEB3-F479-4FC9-A551-3EEC565C796A}.Debug|Win32.ActiveCfg = Debug|Win32
		{4020AEB3-F479-4FC9-A551-3EEC565C796A}.Debug|Win32.Build.0 = Debug|Win32
		{4020AEB3-F479-4FC9-A551-3EEC565C796A}.DebugE|Win32.ActiveCfg = DebugW3D|Win32
		{4020AEB3-F479-4FC9-A551-3EEC565C796A}.DebugE|Win32.Build.0 = DebugW3D|Win32
		{4020AEB3-F479-4FC9-A551-3EEC565C796A}.DebugW3D|Win32.ActiveCfg = DebugW3D|Win32
		{4020AEB3-F479-4FC9-A551-3EEC565C796A}.DebugW3D|Win32.Build.0 = DebugW3D|Win32
		{4020AEB3-F479-4FC9-A551-3EEC565C796A}.French|Win32.ActiveCfg = DebugW3D|Win32
		{4020AEB3-F479-4FC9-A551-3EEC565C796A}.French|Win32.Build.0 = DebugW3D|Win32
		{4020AEB3-F479-4FC9-A551-3EEC565C796A}.German|Win32.ActiveCfg = DebugW3D|Win32
		{4020AEB3-F479-4FC9-A551-3EEC565C796A}.German|Win32.Build.0 = DebugW3D|Win32
		{4020AEB3-F479-4FC9-A551-3EEC565C796A}.Internal|Win32.ActiveCfg = Internal|Win32
		{4020AEB3-F479-4FC9-A551-3EEC565C796A}.Internal|Win32.Build.0 = Internal|Win32
		{4020AEB3-F479-4FC9-A551-3EEC565C796A}.Profile|Win32.ActiveCfg = Profile|Win32
		{4020AEB3-F479-4FC9-A551-3EEC565C796A}.Profile|Win32.Build.0 = Profile|Win32
		{4020AEB3-F479-4FC9-A551-3EEC565C796A}.ProfileE|Win32.ActiveCfg = Profile|Win32
		{4020AEB3-F479-4FC9-A551-3EEC565C796A}.ProfileE|Win32.Build.0 = Profile|Win32
		{4020AEB3-F479-4FC9-A551-3EEC565C796A}.Release|Win32.ActiveCfg = Release|Win32
		{4020AEB3-F479-4FC9-A551-3EEC565C796A}.Release|Win32.Build.0 = Release|Win32
		{4020AEB3-F479-4FC9-A551-3EEC565C796A}.Spanish|Win32.ActiveCfg = DebugW3D|Win32
		{4020AEB3-F479-4FC9-A551-3EEC565C796A}.Spanish|Win32.Build.0 = DebugW3D|Win32
		{F19A4857-A5A1-4626-BD75-C41CAB1C9AF5}.Debug|Win32.ActiveCfg = Debug|Win32
		{F19A4857-A5A1-4626-BD75-C41CAB1C9AF5}.Debug|Win32.Build.0 = Debug|Win32
		{F19A4857-A5A1-4626-BD75-C41CAB1C9AF5}.DebugE|Win32.ActiveCfg = Debug|Win32
		{F19A4857-A5A1-4626-BD75-C41CAB1C9AF5}.DebugE|Win32.Build.0 = Debug|Win32
		{F19A4857-A5A1-4626-BD75-C41CAB1C9AF5}.DebugW3D|Win32.ActiveCfg = Debug|Win32
		{F19A4857-A5A1-4626-BD75-C41CAB1C9AF5}.DebugW3D|Win32.Build.0 = Debug|Win32
		{F19A4857-A5A1-4626-BD75-C41CAB1C9AF5}.French|Win32.ActiveCfg = Release|Win32
		{F19A4857-A5A1-4626-BD75-C41CAB1C9AF5}.French|Win32.Build.0 = Release|Win32
		{F19A4857-A5A1-4626-BD75-C41CAB1C9AF5}.German|Win32.ActiveCfg = Release|Win32
		{F19A4857-A5A1-4626-BD75-C41CAB1C9AF5}.German|Win32.Build.0 = Release|Win32
		{F19A4857-A5A1-4626-BD75-C41CAB1C9AF5}.Internal|Win32.ActiveCfg = Internal|Win32
		{F19A4857-A5A1-4626-BD75-C41CAB1C9AF5}.Internal|Win32.Build.0 = Internal|Win32
		{F19A4857-A5A1-4626-BD75-C41CAB1C9AF5}.Profile|Win32.ActiveCfg = Release|Win32
		{F19A4857-A5A1-4626-BD75-C41CAB1C9AF5}.Profile|Win32.Build.0 = Release|Win32
		{F19A4857-A5A1-4626-BD75-C41CAB1C9AF5}.ProfileE|Win32.ActiveCfg = Release|Win32
		{F19A4857-A5A1-4626-BD75-C41CAB1C9AF5}.ProfileE|Win32.Build.0 = Release|Win32
		{F19A4857-A5A1-4626-BD75-C41CAB1C9AF5}.Release|Win32.ActiveCfg = Release|Win32
		{F19A4857-A5A1-4626-BD75-C41CAB1C9AF5}.Release|Win32.Build.0 = Release|Win32
		{F19A4857-A5A1-4626-BD75-C41CAB1C9AF5}.Spanish|Win32.ActiveCfg = Release|Win32
		{F19A4857-A5A1-4626-BD75-C41CAB1C9AF5}.Spanish|Win32.Build.0 = Release|Win32
		{5F35AD6C-6D1C-444C-8854-BC1BDCEADE56}.Debug|Win32.ActiveCfg = Debug|Win32
		{5F35AD6C-6D1C-444C-8854-BC1BDCEADE56}.Debug|Win32.Build.0 = Debug|Win32
		{5F35AD6C-6D1C-444C-8854-BC1BDCEADE56}.DebugE|Win32.ActiveCfg = Debug|Win32
		{5F35AD6C-6D1C-444C-8854-BC1BDCEADE56}.DebugE|Win32.Build.0 = Debug|Win32
		{5F35AD6C-6D1C-444C-8854-BC1BDCEADE56}.DebugW3D|Win32.ActiveCfg = Debug|Win32
		{5F35AD6C-6D1C-444C-8854-BC1BDCEADE56}.DebugW3D|Win32.Build.0 = Debug|Win32
		{5F35AD6C-6D1C-444C-8854-BC1BDCEADE56}.French|Win32.ActiveCfg = Release|Win32
		{5F35AD6C-6D1C-444C-8854-BC1BDCEADE56}.French|Win32.Build.0 = Release|Win32
		{5F35AD6C-6D1C-444C-8854-BC1BDCEADE56}.German|Win32.ActiveCfg = Release|Win32
		{5F35AD6C-6D1C-444C-8854-BC1BDCEADE56}.German|Win32.Build.0 = Release|Win32
		{5F35AD6C-6D1C-444C-8854-BC1BDCEADE56}.Internal|Win32.ActiveCfg = Internal|Win32
		{5F35AD6C-6D1C-444C-8854-BC1BDCEADE56}.Internal|Win32.Build.0 = Internal|Win32
		{5F35AD6C-6D1C-444C-8854-BC1BDCEADE56}.Profile|Win32.ActiveCfg = Release|Win32
		{5F35AD6C-6D1C-444C-8854-BC1BDCEADE56}.Profile|Win32.Build.0 = Release|Win32
		{5F35AD6C-6D1C-444C-8854-BC1BDCEADE56}.ProfileE|Win32.ActiveCfg = Release|Win32
		{5F35AD6C-6D1C-444C-8854-BC1BDCEADE56}.ProfileE|Win32.Build.0 = Release|Win32
		{5F35AD6C-6D1C-444C-8854-BC1BDCEADE56}.Release|Win32.ActiveCfg = Release|Win32
		{5F35AD6C-6D1C-444C-8854-BC1BDCEADE56}.Release|Win32.Build.0 = Release|Win32
		{5F35AD6C-6D1C-444C-8854-BC1BDCEADE56}.Spanish|Win32.ActiveCfg = Release|Win32
		{5F35AD6C-6D1C-444C-8854-BC1BDCEADE56}.Spanish|Win32.Build.0 = Release|Win32
		{0ADA81FB-78F8-4E42-B739-5D9ED1068ACC}.Debug|Win32.ActiveCfg = Debug|Win32
		{0ADA81FB-78F8-4E42-B739-5D9ED1068ACC}.Debug|Win32.Build.0 = Debug|Win32
		{0ADA81FB-78F8-4E42-B739-5D9ED1068ACC}.DebugE|Win32.ActiveCfg = Debug|Win32
		{0ADA81FB-78F8-4E42-B739-5D9ED1068ACC}.DebugE|Win32.Build.0 = Debug|Win32
		{0ADA81FB-78F8-4E42-B739-5D9ED1068ACC}.DebugW3D|Win32.ActiveCfg = Debug|Win32
		{0ADA81FB-78F8-4E42-B739-5D9ED1068ACC}.DebugW3D|Win32.Build.0 = Debug|Win32
		{0ADA81FB-78F8-4E42-B739-5D9ED1068ACC}.French|Win32.ActiveCfg = Release|Win32
		{0ADA81FB-78F8-4E42-B739-5D9ED1068ACC}.French|Win32.Build.0 = Release|Win32
		{0ADA81FB-78F8-4E42-B739-5D9ED1068ACC}.German|Win32.ActiveCfg = Release|Win32
		{0ADA81FB-78F8-4E42-B739-5D9ED1068ACC}.German|Win32.Build.0 = Release|Win32
		{0ADA81FB-78F8-4E42-B739-5D9ED1068ACC}.Internal|Win32.ActiveCfg = Release|Win32
		{0ADA81FB-78F8-4E42-B739-5D9ED1068ACC}.Internal|Win32.Build.0 = Release|Win32
		{0ADA81FB-78F8-4E42-B739-5D9ED1068ACC}.Profile|Win32.ActiveCfg = Release|Win32
		{0ADA81FB-78F8-4E42-B739-5D9ED1068ACC}.Profile|Win32.Build.0 = Release|Win32
		{0ADA81FB-78F8-4E42-B739-5D9ED1068ACC}.ProfileE|Win32.ActiveCfg = Release|Win32
		{0ADA81FB-78F8-4E42-B739-5D9ED1068ACC}.ProfileE|Win32.Build.0 = Release|Win32
		{0ADA81FB-78F8-4E42-B739-5D9ED1068ACC}.Release|Win32.ActiveCfg = Release|Win32
		{0ADA81FB-78F8-4E42-B739-5D9ED1068ACC}.Release|Win32.Build.0 = Release|Win32
		{0ADA81FB-78F8-4E42-B739-5D9ED1068ACC}.Spanish|Win32.ActiveCfg = Release|Win32
		{0ADA81FB-78F8-4E42-B739-5D9ED1068ACC}.Spanish|Win32.Build.0 = Release|Win32
		{1A64F843-6C32-4D29-A6B9-B6791DF5F80E}.Debug|Win32.ActiveCfg = Debug|Win32
		{1A64F843-6C32-4D29-A6B9-B6791DF5F80E}.Debug|Win32.Build.0 = Debug|Win32
		{1A64F843-6C32-4D29-A6B9-B6791DF5F80E}.DebugE|Win32.ActiveCfg = Debug|Win32
		{1A64F843-6C32-4D29-A6B9-B6791DF5F80E}.DebugE|Win32.Build.0 = Debug|Win32
		{1A64F843-6C32-4D29-A6B9-B6791DF5F80E}.DebugW3D|Win32.ActiveCfg = Debug|Win32
		{1A64F843-6C32-4D29-A6B9-B6791DF5F80E}.DebugW3D|Win32.Build.0 = Debug|Win32
		{1A64F843-6C32-4D29-A6B9-B6791DF5F80E}.French|Win32.ActiveCfg = Release|Win32
		{1A64F843-6C32-4D29-A6B9-B6791DF5F80E}.French|Win32.Build.0 = Release|Win32
		{1A64F843-6C32-4D29-A6B9-B6791DF5F80E}.German|Win32.ActiveCfg = Release|Win32
		{1A64F843-6C32-4D29-A6B9-B6791DF5F80E}.German|Win32.Build.0 = Release|Win32
		{1A64F843-6C32-4D29-A6B9-B6791DF5F80E}.Internal|Win32.ActiveCfg = Release|Win32
		{1A64F843-6C32-4D29-A6B9-B6791DF5F80E}.Internal|Win32.Build.0 = Release|Win32
		{1A64F843-6C32-4D29-A6B9-B6791DF5F80E}.Profile|Win32.ActiveCfg = Release|Win32
		{1A64F843-6C32-4D29-A6B9-B6791DF5F80E}.Profile|Win32.Build.0 = Release|Win32
		{1A64F843-6C32-4D29-A6B9-B6791DF5F80E}.ProfileE|Win32.ActiveCfg = Release|Win32
		{1A64F843-6C32-4D29-A6B9-B6791DF5F80E}.ProfileE|Win32.Build.0 = Release|Win32
		{1A64F843-6C32-4D29-A6B9-B6791DF5F80E}.Release|Win32.ActiveCfg = Release|Win32
		{1A64F843-6C32-4D29-A6B9-B6791DF5F80E}.Release|Win32.Build.0 = Release|Win32
		{1A64F843-6C32-4D29-A6B9-B6791DF5F80E}.Spanish|Win32.ActiveCfg = Release|Win32
		{1A64F843-6C32-4D29-A6B9-B6791DF5F80E}.Spanish|Win32.Build.0 = Release|Win32
		{B41A233B-AABE-4FB5-91C7-3E3898110051}.Debug|Win32.ActiveCfg = Debug|Win32
		{B41A233B-AABE-4FB5-91C7-3E3898110051}.Debug|Win32.Build.0 = Debug|Win32
		{B41A233B-AABE-4FB5-91C7-3E3898110051}.DebugE|Win32.ActiveCfg = Debug|Win32
		{B41A233B-AABE-4FB5-91C7-3E3898110051}.DebugE|Win32.Build.0 = Debug|Win32
		{B41A233B-AABE-4FB5-91C7-3E3898110051}.DebugW3D|Win32.ActiveCfg = Debug|Win32
		{B41A233B-AABE-4FB5-91C7-3E3898110051}.DebugW3D|Win32.Build.0 = Debug|Win32
		{B41A233B-AABE-4FB5-91C7-3E3898110051}.French|Win32.ActiveCfg = Profile|Win32
		{B41A233B-AABE-4FB5-91C7-3E3898110051}.French|Win32.Build.0 = Profile|Win32
		{B41A233B-AABE-4FB5-91C7-3E3898110051}.German|Win32.ActiveCfg = Profile|Win32
		{B41A233B-AABE-4FB5-91C7-3E3898110051}.German|Win32.Build.0 = Profile|Win32
		{B41A233B-AABE-4FB5-91C7-3E3898110051}.Internal|Win32.ActiveCfg = Internal|Win32
		{B41A233B-AABE-4FB5-91C7-3E3898110051}.Internal|Win32.Build.0 = Internal|Win32
		{B41A233B-AABE-4FB5-91C7-3E3898110051}.Profile|Win32.ActiveCfg = Profile|Win32
		{B41A233B-AABE-4FB5-91C7-3E3898110051}.Profile|Win32.Build.0 = Profile|Win32
		{B41A233B-AABE-4FB5-91C7-3E3898110051}.ProfileE|Win32.ActiveCfg = Profile|Win32
		{B41A233B-AABE-4FB5-91C7-3E3898110051}.ProfileE|Win32.Build.0 = Profile|Win32
		{B41A233B-AABE-4FB5-91C7-3E3898110051}.Release|Win32.ActiveCfg = Release|Win32
		{B41A233B-AABE-4FB5-91C7-3E3898110051}.Release|Win32.Build.0 = Release|Win32
		{B41A233B-AABE-4FB5-91C7-3E3898110051}.Spanish|Win32.ActiveCfg = Profile|Win32
		{B41A233B-AABE-4FB5-91C7-3E3898110051}.Spanish|Win32.Build.0 = Profile|Win32
		{53313A02-E928-400B-A253-C0B17E289FE6}.Debug|Win32.ActiveCfg = Debug|Win32
		{53313A02-E928-400B-A253-C0B17E289FE6}.Debug|Win32.Build.0 = Debug|Win32
		{53313A02-E928-400B-A253-C0B17E289FE6}.DebugE|Win32.ActiveCfg = Debug|Win32
		{53313A02-E928-400B-A253-C0B17E289FE6}.DebugE|Win32.Build.0 = Debug|Win32
		{53313A02-E928-400B-A253-C0B17E289FE6}.DebugW3D|Win32.ActiveCfg = Debug|Win32
		{53313A02-E928-400B-A253-C0B17E289FE6}.DebugW3D|Win32.Build.0 = Debug|Win32
		{53313A02-E928-400B-A253-C0B17E289FE6}.French|Win32.ActiveCfg = Release|Win32
		{53313A02-E928-400B-A253-C0B17E289FE6}.French|Win32.Build.0 = Release|Win32
		{53313A02-E928-400B-A253-C0B17E289FE6}.German|Win32.ActiveCfg = Release|Win32
		{53313A02-E928-400B-A253-C0B17E289FE6}.German|Win32.Build.0 = Release|Win32
		{53313A02-E928-400B-A253-C0B17E289FE6}.Internal|Win32.ActiveCfg = Release|Win32
		{53313A02-E928-400B-A253-C0B17E289FE6}.Internal|Win32.Build.0 = Release|Win32
		{53313A02-E928-400B-A253-C0B17E289FE6}.Profile|Win32.ActiveCfg = Release|Win32
		{53313A02-E928-400B-A253-C0B17E289FE6}.Profile|Win32.Build.0 = Release|Win32
		{53313A02-E928-400B-A253-C0B17E289FE6}.ProfileE|Win32.ActiveCfg = Release|Win32
		{53313A02-E928-400B-A253-C0B17E289FE6}.ProfileE|Win32.Build.0 = Release|Win32
		{53313A02-E928-400B-A253-C0B17E289FE6}.Release|Win32.ActiveCfg = Release|Win32
		{53313A02-E928-400B-A253-C0B17E289FE6}.Release|Win32.Build.0 = Release|Win32
		{53313A02-E928-400B-A253-C0B17E289FE6}.Spanish|Win32.ActiveCfg = Release|Win32
		{53313A02-E928-400B-A253-C0B17E289FE6}.Spanish|Win32.Build.0 = Release|Win32
		{A5ECDFF0-66E5-4B32-80E3-75BADBBA96FB}.Debug|Win32.ActiveCfg = Debug|Win32
		{A5ECDFF0-66E5-4B32-80E3-75BADBBA96FB}.Debug|Win32.Build.0 = Debug|Win32
		{A5ECDFF0-66E5-4B32-80E3-75BADBBA96FB}.DebugE|Win32.ActiveCfg = Debug|Win32
		{A5ECDFF0-66E5-4B32-80E3-75BADBBA96FB}.DebugE|Win32.Build.0 = Debug|Win32
		{A5ECDFF0-66E5-4B32-80E3-75BADBBA96FB}.DebugW3D|Win32.ActiveCfg = Debug|Win32
		{A5ECDFF0-66E5-4B32-80E3-75BADBBA96FB}.DebugW3D|Win32.Build.0 = Debug|Win32
		{A5ECDFF0-66E5-4B32-80E3-75BADBBA96FB}.French|Win32.ActiveCfg = French|Win32
		{A5ECDFF0-66E5-4B32-80E3-75BADBBA96FB}.French|Win32.Build.0 = French|Win32
		{A5ECDFF0-66E5-4B32-80E3-75BADBBA96FB}.German|Win32.ActiveCfg = German|Win32
		{A5ECDFF0-66E5-4B32-80E3-75BADBBA96FB}.German|Win32.Build.0 = German|Win32
		{A5ECDFF0-66E5-4B32-80E3-75BADBBA96FB}.Internal|Win32.ActiveCfg = Spanish|Win32
		{A5ECDFF0-66E5-4B32-80E3-75BADBBA96FB}.Internal|Win32.Build.0 = Spanish|Win32
		{A5ECDFF0-66E5-4B32-80E3-75BADBBA96FB}.Profile|Win32.ActiveCfg = Spanish|Win32
		{A5ECDFF0-66E5-4B32-80E3-75BADBBA96FB}.Profile|Win32.Build.0 = Spanish|Win32
		{A5ECDFF0-66E5-4B32-80E3-75BADBBA96FB}.ProfileE|Win32.ActiveCfg = Spanish|Win32
		{A5ECDFF0-66E5-4B32-80E3-75BADBBA96FB}.ProfileE|Win32.Build.0 = Spanish|Win32
		{A5ECDFF0-66E5-4B32-80E3-75BADBBA96FB}.Release|Win32.ActiveCfg = Release|Win32
		{A5ECDFF0-66E5-4B32-80E3-75BADBBA96FB}.Release|Win32.Build.0 = Release|Win32
		{A5ECDFF0-66E5-4B32-80E3-75BADBBA96FB}.Spanish|Win32.ActiveCfg = Spanish|Win32
		{A5ECDFF0-66E5-4B32-80E3-75BADBBA96FB}.Spanish|Win32.Build.0 = Spanish|Win32
		{400C4A48-608C-4FE6-A653-2F47BD917A80}.Debug|Win32.ActiveCfg = Debug|Win32
		{400C4A48-608C-4FE6-A653-2F47BD917A80}.Debug|Win32.Build.0 = Debug|Win32
		{400C4A48-608C-4FE6-A653-2F47BD917A80}.DebugE|Win32.ActiveCfg = Debug|Win32
		{400C4A48-608C-4FE6-A653-2F47BD917A80}.DebugE|Win32.Build.0 = Debug|Win32
		{400C4A48-608C-4FE6-A653-2F47BD917A80}.DebugW3D|Win32.ActiveCfg = Debug|Win32
		{400C4A48-608C-4FE6-A653-2F47BD917A80}.DebugW3D|Win32.Build.0 = Debug|Win32
		{400C4A48-608C-4FE6-A653-2F47BD917A80}.French|Win32.ActiveCfg = Debug|Win32
		{400C4A48-608C-4FE6-A653-2F47BD917A80}.French|Win32.Build.0 = Debug|Win32
		{400C4A48-608C-4FE6-A653-2F47BD917A80}.German|Win32.ActiveCfg = Debug|Win32
		{400C4A48-608C-4FE6-A653-2F47BD917A80}.German|Win32.Build.0 = Debug|Win32
		{400C4A48-608C-4FE6-A653-2F47BD917A80}.Internal|Win32.ActiveCfg = Internal|Win32
		{400C4A48-608C-4FE6-A653-2F47BD917A80}.Internal|Win32.Build.0 = Internal|Win32
		{400C4A48-608C-4FE6-A653-2F47BD917A80}.Profile|Win32.ActiveCfg = Profile|Win32
		{400C4A48-608C-4FE6-A653-2F47BD917A80}.Profile|Win32.Build.0 = Profile|Win32
		{400C4A48-608C-4FE6-A653-2F47BD917A80}.ProfileE|Win32.ActiveCfg = Profile|Win32
		{400C4A48-608C-4FE6-A653-2F47BD917A80}.ProfileE|Win32.Build.0 = Profile|Win32
		{400C4A48-608C-4FE6-A653-2F47BD917A80}.Release|Win32.ActiveCfg = Release|Win32
		{400C4A48-608C-4FE6-A653-2F47BD917A80}.Release|Win32.Build.0 = Release|Win32
		{400C4A48-608C-4FE6-A653-2F47BD917A80}.Spanish|Win32.ActiveCfg = Debug|Win32
		{400C4A48-608C-4FE6-A653-2F47BD917A80}.Spanish|Win32.Build.0 = Debug|Win32
		{D3ED671D-ABAF-4A6A-8DA5-28558D171428}.Debug|Win32.ActiveCfg = Debug|Win32
		{D3ED671D-ABAF-4A6A-8DA5-28558D171428}.Debug|Win32.Build.0 = Debug|Win32
		{D3ED671D-ABAF-4A6A-8DA5-28558D171428}.DebugE|Win32.ActiveCfg = Debug|Win32
		{D3ED671D-ABAF-4A6A-8DA5-28558D171428}.DebugE|Win32.Build.0 = Debug|Win32
		{D3ED671D-ABAF-4A6A-8DA5-28558D171428}.DebugW3D|Win32.ActiveCfg = Debug|Win32
		{D3ED671D-ABAF-4A6A-8DA5-28558D171428}.DebugW3D|Win32.Build.0 = Debug|Win32
		{D3ED671D-ABAF-4A6A-8DA5-28558D171428}.French|Win32.ActiveCfg = Release|Win32
		{D3ED671D-ABAF-4A6A-8DA5-28558D171428}.French|Win32.Build.0 = Release|Win32
		{D3ED671D-ABAF-4A6A-8DA5-28558D171428}.German|Win32.ActiveCfg = Release|Win32
		{D3ED671D-ABAF-4A6A-8DA5-28558D171428}.German|Win32.Build.0 = Release|Win32
		{D3ED671D-ABAF-4A6A-8DA5-28558D171428}.Internal|Win32.ActiveCfg = Release|Win32
		{D3ED671D-ABAF-4A6A-8DA5-28558D171428}.Internal|Win32.Build.0 = Release|Win32
		{D3ED671D-ABAF-4A6A-8DA5-28558D171428}.Profile|Win32.ActiveCfg = Release|Win32
		{D3ED671D-ABAF-4A6A-8DA5-28558D171428}.Profile|Win32.Build.0 = Release|Win32
		{D3ED671D-ABAF-4A6A-8DA5-28558D171428}.ProfileE|Win32.ActiveCfg = Release|Win32
		{D3ED671D-ABAF-4A6A-8DA5-28558D171428}.ProfileE|Win32.Build.0 = Release|Win32
		{D3ED671D-ABAF-4A6A-8DA5-28558D171428}.Release|Win32.ActiveCfg = Release|Win32
		{D3ED671D-ABAF-4A6A-8DA5-28558D171428}.Release|Win32.Build.0 = Release|Win32
		{D3ED671D-ABAF-4A6A-8DA5-28558D171428}.Spanish|Win32.ActiveCfg = Release|Win32
		{D3ED671D-ABAF-4A6A-8DA5-28558D171428}.Spanish|Win32.Build.0 = Release|Win32
		{C40C45A4-E704-4E8E-8BEB-5A87B22437A3}.Debug|Win32.ActiveCfg = Debug|Win32
		{C40C45A4-E704-4E8E-8BEB-5A87B22437A3}.Debug|Win32.Build.0 = Debug|Win32
		{C40C45A4-E704-4E8E-8BEB-5A87B22437A3}.DebugE|Win32.ActiveCfg = DebugE|Win32
		{C40C45A4-E704-4E8E-8BEB-5A87B22437A3}.DebugE|Win32.Build.0 = DebugE|Win32
		{C40C45A4-E704-4E8E-8BEB-5A87B22437A3}.DebugW3D|Win32.ActiveCfg = DebugW3D|Win32
		{C40C45A4-E704-4E8E-8BEB-5A87B22437A3}.DebugW3D|Win32.Build.0 = DebugW3D|Win32
		{C40C45A4-E704-4E8E-8BEB-5A87B22437A3}.French|Win32.ActiveCfg = Release|Win32
		{C40C45A4-E704-4E8E-8BEB-5A87B22437A3}.French|Win32.Build.0 = Release|Win32
		{C40C45A4-E704-4E8E-8BEB-5A87B22437A3}.German|Win32.ActiveCfg = Release|Win32
		{C40C45A4-E704-4E8E-8BEB-5A87B22437A3}.German|Win32.Build.0 = Release|Win32
		{C40C45A4-E704-4E8E-8BEB-5A87B22437A3}.Internal|Win32.ActiveCfg = Internal|Win32
		{C40C45A4-E704-4E8E-8BEB-5A87B22437A3}.Internal|Win32.Build.0 = Internal|Win32
		{C40C45A4-E704-4E8E-8BEB-5A87B22437A3}.Profile|Win32.ActiveCfg = Profile|Win32
		{C40C45A4-E704-4E8E-8BEB-5A87B22437A3}.Profile|Win32.Build.0 = Profile|Win32
		{C40C45A4-E704-4E8E-8BEB-5A87B22437A3}.ProfileE|Win32.ActiveCfg = ProfileE|Win32
		{C40C45A4-E704-4E8E-8BEB-5A87B22437A3}.ProfileE|Win32.Build.0 = ProfileE|Win32
		{C40C45A4-E704-4E8E-8BEB-5A87B22437A3}.Release|Win32.ActiveCfg = Release|Win32
		{C40C45A4-E704-4E8E-8BEB-5A87B22437A3}.Release|Win32.Build.0 = Release|Win32
		{C40C45A4-E704-4E8E-8BEB-5A87B22437A3}.Spanish|Win32.ActiveCfg = Release|Win32
		{C40C45A4-E704-4E8E-8BEB-5A87B22437A3}.Spanish|Win32.Build.0 = Release|Win32
		{53D2623E-72BD-40BE-AFC3-1A33D68CAAF7}.Debug|Win32.ActiveCfg = Debug|Win32
		{53D2623E-72BD-40BE-AFC3-1A33D68CAAF7}.Debug|Win32.Build.0 = Debug|Win32
		{53D2623E-72BD-40BE-AFC3-1A33D68CAAF7}.DebugE|Win32.ActiveCfg = Debug|Win32
		{53D2623E-72BD-40BE-AFC3-1A33D68CAAF7}.DebugE|Win32.Build.0 = Debug|Win32
		{53D2623E-72BD-40BE-AFC3-1A33D68CAAF7}.DebugW3D|Win32.ActiveCfg = DebugW3D|Win32
		{53D2623E-72BD-40BE-AFC3-1A33D68CAAF7}.DebugW3D|Win32.Build.0 = DebugW3D|Win32
		{53D2623E-72BD-40BE-AFC3-1A33D68CAAF7}.French|Win32.ActiveCfg = Debug|Win32
		{53D2623E-72BD-40BE-AFC3-1A33D68CAAF7}.French|Win32.Build.0 = Debug|Win32
		{53D2623E-72BD-40BE-AFC3-1A33D68CAAF7}.German|Win32.ActiveCfg = Debug|Win32
		{53D2623E-72BD-40BE-AFC3-1A33D68CAAF7}.German|Win32.Build.0 = Debug|Win32
		{53D2623E-72BD-40BE-AFC3-1A33D68CAAF7}.Internal|Win32.ActiveCfg = Internal|Win32
		{53D2623E-72BD-40BE-AFC3-1A33D68CAAF7}.Internal|Win32.Build.0 = Internal|Win32
		{53D2623E-72BD-40BE-AFC3-1A33D68CAAF7}.Profile|Win32.ActiveCfg = Profile|Win32
		{53D2623E-72BD-40BE-AFC3-1A33D68CAAF7}.Profile|Win32.Build.0 = Profile|Win32
		{53D2623E-72BD-40BE-AFC3-1A33D68CAAF7}.ProfileE|Win32.ActiveCfg = Profile|Win32
		{53D2623E-72BD-40BE-AFC3-1A33D68CAAF7}.ProfileE|Win32.Build.0 = Profile|Win32
		{53D2623E-72BD-40BE-AFC3-1A33D68CAAF7}.Release|Win32.ActiveCfg = Release|Win32
		{53D2623E-72BD-40BE-AFC3-1A33D68CAAF7}.Release|Win32.Build.0 = Release|Win32
		{53D2623E-72BD-40BE-AFC3-1A33D68CAAF7}.Spanish|Win32.ActiveCfg = Debug|Win32
		{53D2623E-72BD-40BE-AFC3-1A33D68CAAF7}.Spanish|Win32.Build.0 = Debug|Win32
		{52716E35-5FC3-4035-BA0B-224C07298F15}.Debug|Win32.ActiveCfg = Debug|Win32
		{52716E35-5FC3-4035-BA0B-224C07298F15}.Debug|Win32.Build.0 = Debug|Win32
		{52716E35-5FC3-4035-BA0B-224C07298F15}.DebugE|Win32.ActiveCfg = Debug|Win32
		{52716E35-5FC3-4035-BA0B-224C07298F15}.DebugE|Win32.Build.0 = Debug|Win32
		{52716E35-5FC3-4035-BA0B-224C07298F15}.DebugW3D|Win32.ActiveCfg = DebugW3D|Win32
		{52716E35-5FC3-4035-BA0B-224C07298F15}.DebugW3D|Win32.Build.0 = DebugW3D|Win32
		{52716E35-5FC3-4035-BA0B-224C07298F15}.French|Win32.ActiveCfg = Profile|Win32
		{52716E35-5FC3-4035-BA0B-224C07298F15}.French|Win32.Build.0 = Profile|Win32
		{52716E35-5FC3-4035-BA0B-224C07298F15}.German|Win32.ActiveCfg = Profile|Win32
		{52716E35-5FC3-4035-BA0B-224C07298F15}.German|Win32.Build.0 = Profile|Win32
		{52716E35-5FC3-4035-BA0B-224C07298F15}.Internal|Win32.ActiveCfg = Internal|Win32
		{52716E35-5FC3-4035-BA0B-224C07298F15}.Internal|Win32.Build.0 = Internal|Win32
		{52716E35-5FC3-4035-BA0B-224C07298F15}.Profile|Win32.ActiveCfg = Profile|Win32
		{52716E35-5FC3-4035-BA0B-224C07298F15}.Profile|Win32.Build.0 = Profile|Win32
		{52716E35-5FC3-4035-BA0B-224C07298F15}.ProfileE|Win32.ActiveCfg = Profile|Win32
		{52716E35-5FC3-4035-BA0B-224C07298F15}.ProfileE|Win32.Build.0 = Profile|Win32
		{52716E35-5FC3-4035-BA0B-224C07298F15}.Release|Win32.ActiveCfg = Release|Win32
		{52716E35-5FC3-4035-BA0B-224C07298F15}.Release|Win32.Build.0 = Release|Win32
		{52716E35-5FC3-4035-BA0B-224C07298F15}.Spanish|Win32.ActiveCfg = Profile|Win32
		{52716E35-5FC3-4035-BA0B-224C07298F15}.Spanish|Win32.Build.0 = Profile|Win32
		{35D6B85B-DCA2-485F-B999-297F01E0BBA2}.Debug|Win32.ActiveCfg = Debug|Win32
		{35D6B85B-DCA2-485F-B999-297F01E0BBA2}.Debug|Win32.Build.0 = Debug|Win32
		{35D6B85B-DCA2-485F-B999-297F01E0BBA2}.DebugE|Win32.ActiveCfg = DebugW3D|Win32
		{35D6B85B-DCA2-485F-B999-297F01E0BBA2}.DebugE|Win32.Build.0 = DebugW3D|Win32
		{35D6B85B-DCA2-485F-B999-297F01E0BBA2}.DebugW3D|Win32.ActiveCfg = DebugW3D|Win32
		{35D6B85B-DCA2-485F-B999-297F01E0BBA2}.DebugW3D|Win32.Build.0 = DebugW3D|Win32
		{35D6B85B-DCA2-485F-B999-297F01E0BBA2}.French|Win32.ActiveCfg = Profile|Win32
		{35D6B85B-DCA2-485F-B999-297F01E0BBA2}.French|Win32.Build.0 = Profile|Win32
		{35D6B85B-DCA2-485F-B999-297F01E0BBA2}.German|Win32.ActiveCfg = Profile|Win32
		{35D6B85B-DCA2-485F-B999-297F01E0BBA2}.German|Win32.Build.0 = Profile|Win32
		{35D6B85B-DCA2-485F-B999-297F01E0BBA2}.Internal|Win32.ActiveCfg = Internal|Win32
		{35D6B85B-DCA2-485F-B999-297F01E0BBA2}.Internal|Win32.Build.0 = Internal|Win32
		{35D6B85B-DCA2-485F-B999-297F01E0BBA2}.Profile|Win32.ActiveCfg = Profile|Win32
		{35D6B85B-DCA2-485F-B999-297F01E0BBA2}.Profile|Win32.Build.0 = Profile|Win32
		{35D6B85B-DCA2-485F-B999-297F01E0BBA2}.ProfileE|Win32.ActiveCfg = Profile|Win32
		{35D6B85B-DCA2-485F-B999-297F01E0BBA2}.ProfileE|Win32.Build.0 = Profile|Win32
		{35D6B85B-DCA2-485F-B999-297F01E0BBA2}.Release|Win32.ActiveCfg = Release|Win32
		{35D6B85B-DCA2-485F-B999-297F01E0BBA2}.Release|Win32.Build.0 = Release|Win32
		{35D6B85B-DCA2-485F-B999-297F01E0BBA2}.Spanish|Win32.ActiveCfg = Profile|Win32
		{35D6B85B-DCA2-485F-B999-297F01E0BBA2}.Spanish|Win32.Build.0 = Profile|Win32
		{DA432AA9-925B-47A0-BBD6-F8492DF0CA68}.Debug|Win32.ActiveCfg = Debug|Win32
		{DA432AA9-925B-47A0-BBD6-F8492DF0CA68}.Debug|Win32.Build.0 = Debug|Win32
		{DA432AA9-925B-47A0-BBD6-F8492DF0CA68}.DebugE|Win32.ActiveCfg = DebugE|Win32
		{DA432AA9-925B-47A0-BBD6-F8492DF0CA68}.DebugE|Win32.Build.0 = DebugE|Win32
		{DA432AA9-925B-47A0-BBD6-F8492DF0CA68}.DebugW3D|Win32.ActiveCfg = DebugW3D|Win32
		{DA432AA9-925B-47A0-BBD6-F8492DF0CA68}.DebugW3D|Win32.Build.0 = DebugW3D|Win32
		{DA432AA9-925B-47A0-BBD6-F8492DF0CA68}.French|Win32.ActiveCfg = Debug|Win32
		{DA432AA9-925B-47A0-BBD6-F8492DF0CA68}.French|Win32.Build.0 = Debug|Win32
		{DA432AA9-925B-47A0-BBD6-F8492DF0CA68}.German|Win32.ActiveCfg = Debug|Win32
		{DA432AA9-925B-47A0-BBD6-F8492DF0CA68}.German|Win32.Build.0 = Debug|Win32
		{DA432AA9-925B-47A0-BBD6-F8492DF0CA68}.Internal|Win32.ActiveCfg = Internal|Win32
		{DA432AA9-925B-47A0-BBD6-F8492DF0CA68}.Internal|Win32.Build.0 = Internal|Win32
		{DA432AA9-925B-47A0-BBD6-F8492DF0CA68}.Profile|Win32.ActiveCfg = Profile|Win32
		{DA432AA9-925B-47A0-BBD6-F8492DF0CA68}.Profile|Win32.Build.0 = Profile|Win32
		{DA432AA9-925B-47A0-BBD6-F8492DF0CA68}.ProfileE|Win32.ActiveCfg = ProfileE|Win32
		{DA432AA9-925B-47A0-BBD6-F8492DF0CA68}.ProfileE|Win32.Build.0 = ProfileE|Win32
		{DA432AA9-925B-47A0-BBD6-F8492DF0CA68}.Release|Win32.ActiveCfg = Release|Win32
		{DA432AA9-925B-47A0-BBD6-F8492DF0CA68}.Release|Win32.Build.0 = Release|Win32
		{DA432AA9-925B-47A0-BBD6-F8492DF0CA68}.Spanish|Win32.ActiveCfg = Debug|Win32
		{DA432AA9-925B-47A0-BBD6-F8492DF0CA68}.Spanish|Win32.Build.0 = Debug|Win32
		{5346FFD0-DC49-4E42-B45A-1AF382D48150}.Debug|Win32.ActiveCfg = Debug|Win32
		{5346FFD0-DC49-4E42-B45A-1AF382D48150}.Debug|Win32.Build.0 = Debug|Win32
		{5346FFD0-DC49-4E42-B45A-1AF382D48150}.DebugE|Win32.ActiveCfg = DebugW3D|Win32
		{5346FFD0-DC49-4E42-B45A-1AF382D48150}.DebugE|Win32.Build.0 = DebugW3D|Win32
		{5346FFD0-DC49-4E42-B45A-1AF382D48150}.DebugW3D|Win32.ActiveCfg = DebugW3D|Win32
		{5346FFD0-DC49-4E42-B45A-1AF382D48150}.DebugW3D|Win32.Build.0 = DebugW3D|Win32
		{5346FFD0-DC49-4E42-B45A-1AF382D48150}.French|Win32.ActiveCfg = Profile|Win32
		{5346FFD0-DC49-4E42-B45A-1AF382D48150}.French|Win32.Build.0 = Profile|Win32
		{5346FFD0-DC49-4E42-B45A-1AF382D48150}.German|Win32.ActiveCfg = Profile|Win32
		{5346FFD0-DC49-4E42-B45A-1AF382D48150}.German|Win32.Build.0 = Profile|Win32
		{5346FFD0-DC49-4E42-B45A-1AF382D48150}.Internal|Win32.ActiveCfg = Internal|Win32
		{5346FFD0-DC49-4E42-B45A-1AF382D48150}.Internal|Win32.Build.0 = Internal|Win32
		{5346FFD0-DC49-4E42-B45A-1AF382D48150}.Profile|Win32.ActiveCfg = Profile|Win32
		{5346FFD0-DC49-4E42-B45A-1AF382D48150}.Profile|Win32.Build.0 = Profile|Win32
		{5346FFD0-DC49-4E42-B45A-1AF382D48150}.ProfileE|Win32.ActiveCfg = Profile|Win32
		{5346FFD0-DC49-4E42-B45A-1AF382D48150}.ProfileE|Win32.Build.0 = Profile|Win32
		{5346FFD0-DC49-4E42-B45A-1AF382D48150}.Release|Win32.ActiveCfg = Release|Win32
		{5346FFD0-DC49-4E42-B45A-1AF382D48150}.Release|Win32.Build.0 = Release|Win32
		{5346FFD0-DC49-4E42-B45A-1AF382D48150}.Spanish|Win32.ActiveCfg = Profile|Win32
		{5346FFD0-DC49-4E42-B45A-1AF382D48150}.Spanish|Win32.Build.0 = Profile|Win32
		{330BEADB-24DC-411D-9398-48EED39847FA}.Debug|Win32.ActiveCfg = Debug|Win32
		{330BEADB-24DC-411D-9398-48EED39847FA}.Debug|Win32.Build.0 = Debug|Win32
		{330BEADB-24DC-411D-9398-48EED39847FA}.DebugE|Win32.ActiveCfg = Debug|Win32
		{330BEADB-24DC-411D-9398-48EED39847FA}.DebugE|Win32.Build.0 = Debug|Win32
		{330BEADB-24DC-411D-9398-48EED39847FA}.DebugW3D|Win32.ActiveCfg = DebugW3D|Win32
		{330BEADB-24DC-411D-9398-48EED39847FA}.DebugW3D|Win32.Build.0 = DebugW3D|Win32
		{330BEADB-24DC-411D-9398-48EED39847FA}.French|Win32.ActiveCfg = Debug|Win32
		{330BEADB-24DC-411D-9398-48EED39847FA}.French|Win32.Build.0 = Debug|Win32
		{330BEADB-24DC-411D-9398-48EED39847FA}.German|Win32.ActiveCfg = Debug|Win32
		{330BEADB-24DC-411D-9398-48EED39847FA}.German|Win32.Build.0 = Debug|Win32
		{330BEADB-24DC-411D-9398-48EED39847FA}.Internal|Win32.ActiveCfg = Internal|Win32
		{330BEADB-24DC-411D-9398-48EED39847FA}.Internal|Win32.Build.0 = Internal|Win32
		{330BEADB-24DC-411D-9398-48EED39847FA}.Profile|Win32.ActiveCfg = Profile|Win32
		{330BEADB-24DC-411D-9398-48EED39847FA}.Profile|Win32.Build.0 = Profile|Win32
		{330BEADB-24DC-411D-9398-48EED39847FA}.ProfileE|Win32.ActiveCfg = Profile|Win32
		{330BEADB-24DC-411D-9398-48EED39847FA}.ProfileE|Win32.Build.0 = Profile|Win32
		{330BEADB-24DC-411D-9398-48EED39847FA}.Release|Win32.ActiveCfg = Release|Win32
		{330BEADB-24DC-411D-9398-48EED39847FA}.Release|Win32.Build.0 = Release|Win32
		{330BEADB-24DC-411D-9398-48EED39847FA}.Spanish|Win32.ActiveCfg = Debug|Win32
		{330BEADB-24DC-411D-9398-48EED39847FA}.Spanish|Win32.Build.0 = Debug|Win32
	EndGlobalSection
	GlobalSection(SolutionProperties) = preSolution
		HideSolutionNode = FALSE
	EndGlobalSection
EndGlobal
