
Microsoft Visual Studio Solution File, Format Version 10.00
# Visual Studio 2008
Project("{059D6162-CD51-11D0-AE1F-00A0C90FFFC3}") = "Benchmark", "LIBRARIES\SOURCE\Benchmark\Benchmark.dsp", "{3D156058-8BB8-4C54-89DA-E9E0061B3A88}"
EndProject
Project("{8BC9CEB8-8B4A-11D0-8D11-00A0C91BC942}") = "Compress", "Tools\Compress\Compress.vcproj", "{98DACD57-C564-43EA-97F8-94D4CE1D73C4}"
	ProjectSection(ProjectDependencies) = postProject
		{F8117E4D-79C3-465D-AF30-5AB724D9A971} = {F8117E4D-79C3-465D-AF30-5AB724D9A971}
	EndProjectSection
EndProject
Project("{8BC9CEB8-8B4A-11D0-8D11-00A0C91BC942}") = "Compression", "Libraries\Source\Compression\Compression.vcproj", "{F8117E4D-79C3-465D-AF30-5AB724D9A971}"
EndProject
Project("{8BC9CEB8-8B4A-11D0-8D11-00A0C91BC942}") = "DatGen", "Tools\Launcher\DatGen\DatGen.vcproj", "{3A70D4B7-FC72-4743-891A-901942DF3B31}"
EndProject
Project("{8BC9CEB8-8B4A-11D0-8D11-00A0C91BC942}") = "DebugWindow", "Tools\DebugWindow\DebugWindow.vcproj", "{FE9F2BE1-E060-461B-B863-CF90745CEBA5}"
EndProject
Project("{8BC9CEB8-8B4A-11D0-8D11-00A0C91BC942}") = "EABrowserDispatch", "Libraries\Source\EABrowserDispatch\EABrowserDispatch.vcproj", "{550AC953-B945-4A55-9DD7-DA82C0EF52F5}"
EndProject
Project("{8BC9CEB8-8B4A-11D0-8D11-00A0C91BC942}") = "GUIEdit", "Tools\GUIEdit\GUIEdit.vcproj", "{00DF5D71-C327-4997-9572-33DB925DF886}"
	ProjectSection(ProjectDependencies) = postProject
		{19B0900A-3735-4EBB-87F6-5A7CF280A64B} = {19B0900A-3735-4EBB-87F6-5A7CF280A64B}
		{56B398C3-0CD9-447F-9003-C80E5BA7F92E} = {56B398C3-0CD9-447F-9003-C80E5BA7F92E}
		{40DD9DF5-0FFB-4726-9618-068709D7AAC6} = {40DD9DF5-0FFB-4726-9618-068709D7AAC6}
		{9D9953BC-4292-4A65-8513-84DE51F07112} = {9D9953BC-4292-4A65-8513-84DE51F07112}
		{864A8C97-7302-409B-B683-1D53595F39EB} = {864A8C97-7302-409B-B683-1D53595F39EB}
		{F8117E4D-79C3-465D-AF30-5AB724D9A971} = {F8117E4D-79C3-465D-AF30-5AB724D9A971}
		{9655D500-0655-452A-AADA-C89334C33440} = {9655D500-0655-452A-AADA-C89334C33440}
		{BF1BDB2E-7E16-4C4F-8629-CC6437D21566} = {BF1BDB2E-7E16-4C4F-8629-CC6437D21566}
		{AA79A0A0-5315-4A99-9969-1007F4243E13} = {AA79A0A0-5315-4A99-9969-1007F4243E13}
		{100346FF-4344-44AA-8209-ABCD7243EB0A} = {100346FF-4344-44AA-8209-ABCD7243EB0A}
		{F7C1C727-1664-4122-9378-28CA6D4319BC} = {F7C1C727-1664-4122-9378-28CA6D4319BC}
		{F397F3F4-E3E7-4D62-BF5F-483CBC3858FE} = {F397F3F4-E3E7-4D62-BF5F-483CBC3858FE}
		{F0D40A7F-B040-4132-AFD0-C05976613D32} = {F0D40A7F-B040-4132-AFD0-C05976613D32}
	EndProjectSection
EndProject
Project("{8BC9CEB8-8B4A-11D0-8D11-00A0C91BC942}") = "GameEngine", "GameEngine\GameEngine.vcproj", "{9D9953BC-4292-4A65-8513-84DE51F07112}"
	ProjectSection(ProjectDependencies) = postProject
		{550AC953-B945-4A55-9DD7-DA82C0EF52F5} = {550AC953-B945-4A55-9DD7-DA82C0EF52F5}
		{3D156058-8BB8-4C54-89DA-E9E0061B3A88} = {3D156058-8BB8-4C54-89DA-E9E0061B3A88}
	EndProjectSection
EndProject
Project("{8BC9CEB8-8B4A-11D0-8D11-00A0C91BC942}") = "GameEngineDevice", "GameEngineDevice\GameEngineDevice.vcproj", "{9655D500-0655-452A-AADA-C89334C33440}"
	ProjectSection(ProjectDependencies) = postProject
		{550AC953-B945-4A55-9DD7-DA82C0EF52F5} = {550AC953-B945-4A55-9DD7-DA82C0EF52F5}
		{3D156058-8BB8-4C54-89DA-E9E0061B3A88} = {3D156058-8BB8-4C54-89DA-E9E0061B3A88}
	EndProjectSection
EndProject
Project("{059D6162-CD51-11D0-AE1F-00A0C90FFFC3}") = "GameSpyHTTP", "Libraries\Source\GameSpy\GameSpy\ghttp\GameSpyHTTP.dsp", "{BF1BDB2E-7E16-4C4F-8629-CC6437D21566}"
EndProject
Project("{059D6162-CD51-11D0-AE1F-00A0C90FFFC3}") = "GameSpyPatching", "Libraries\Source\GameSpy\GameSpy\pt\GameSpyPatching.dsp", "{AA79A0A0-5315-4A99-9969-1007F4243E13}"
EndProject
Project("{059D6162-CD51-11D0-AE1F-00A0C90FFFC3}") = "GameSpyPeer", "Libraries\Source\GameSpy\GameSpy\peer\GameSpyPeer.dsp", "{100346FF-4344-44AA-8209-ABCD7243EB0A}"
EndProject
Project("{059D6162-CD51-11D0-AE1F-00A0C90FFFC3}") = "GameSpyPresence", "Libraries\Source\GameSpy\GameSpy\gp\GameSpyPresence.dsp", "{F7C1C727-1664-4122-9378-28CA6D4319BC}"
EndProject
Project("{059D6162-CD51-11D0-AE1F-00A0C90FFFC3}") = "GameSpyStats", "Libraries\Source\GameSpy\GameSpy\gstats\GameSpyStats.dsp", "{F397F3F4-E3E7-4D62-BF5F-483CBC3858FE}"
EndProject
Project("{8BC9CEB8-8B4A-11D0-8D11-00A0C91BC942}") = "ImagePacker", "Tools\ImagePacker\ImagePacker.vcproj", "{F26B3ACD-1005-4C2D-87A3-050D6A01888B}"
	ProjectSection(ProjectDependencies) = postProject
		{F8117E4D-79C3-465D-AF30-5AB724D9A971} = {F8117E4D-79C3-465D-AF30-5AB724D9A971}
		{9D9953BC-4292-4A65-8513-84DE51F07112} = {9D9953BC-4292-4A65-8513-84DE51F07112}
		{9655D500-0655-452A-AADA-C89334C33440} = {9655D500-0655-452A-AADA-C89334C33440}
		{BF1BDB2E-7E16-4C4F-8629-CC6437D21566} = {BF1BDB2E-7E16-4C4F-8629-CC6437D21566}
		{AA79A0A0-5315-4A99-9969-1007F4243E13} = {AA79A0A0-5315-4A99-9969-1007F4243E13}
		{100346FF-4344-44AA-8209-ABCD7243EB0A} = {100346FF-4344-44AA-8209-ABCD7243EB0A}
		{F7C1C727-1664-4122-9378-28CA6D4319BC} = {F7C1C727-1664-4122-9378-28CA6D4319BC}
		{F397F3F4-E3E7-4D62-BF5F-483CBC3858FE} = {F397F3F4-E3E7-4D62-BF5F-483CBC3858FE}
		{19B0900A-3735-4EBB-87F6-5A7CF280A64B} = {19B0900A-3735-4EBB-87F6-5A7CF280A64B}
		{56B398C3-0CD9-447F-9003-C80E5BA7F92E} = {56B398C3-0CD9-447F-9003-C80E5BA7F92E}
		{40DD9DF5-0FFB-4726-9618-068709D7AAC6} = {40DD9DF5-0FFB-4726-9618-068709D7AAC6}
		{F0D40A7F-B040-4132-AFD0-C05976613D32} = {F0D40A7F-B040-4132-AFD0-C05976613D32}
		{864A8C97-7302-409B-B683-1D53595F39EB} = {864A8C97-7302-409B-B683-1D53595F39EB}
	EndProjectSection
EndProject
Project("{8BC9CEB8-8B4A-11D0-8D11-00A0C91BC942}") = "MapCacheBuilder", "Tools\MapCacheBuilder\MapCacheBuilder.vcproj", "{7128D664-8421-47B1-8BCE-E29394BDA581}"
	ProjectSection(ProjectDependencies) = postProject
		{F8117E4D-79C3-465D-AF30-5AB724D9A971} = {F8117E4D-79C3-465D-AF30-5AB724D9A971}
		{9D9953BC-4292-4A65-8513-84DE51F07112} = {9D9953BC-4292-4A65-8513-84DE51F07112}
		{9655D500-0655-452A-AADA-C89334C33440} = {9655D500-0655-452A-AADA-C89334C33440}
		{BF1BDB2E-7E16-4C4F-8629-CC6437D21566} = {BF1BDB2E-7E16-4C4F-8629-CC6437D21566}
		{AA79A0A0-5315-4A99-9969-1007F4243E13} = {AA79A0A0-5315-4A99-9969-1007F4243E13}
		{100346FF-4344-44AA-8209-ABCD7243EB0A} = {100346FF-4344-44AA-8209-ABCD7243EB0A}
		{F7C1C727-1664-4122-9378-28CA6D4319BC} = {F7C1C727-1664-4122-9378-28CA6D4319BC}
		{F397F3F4-E3E7-4D62-BF5F-483CBC3858FE} = {F397F3F4-E3E7-4D62-BF5F-483CBC3858FE}
		{19B0900A-3735-4EBB-87F6-5A7CF280A64B} = {19B0900A-3735-4EBB-87F6-5A7CF280A64B}
		{F0D40A7F-B040-4132-AFD0-C05976613D32} = {F0D40A7F-B040-4132-AFD0-C05976613D32}
		{56B398C3-0CD9-447F-9003-C80E5BA7F92E} = {56B398C3-0CD9-447F-9003-C80E5BA7F92E}
		{40DD9DF5-0FFB-4726-9618-068709D7AAC6} = {40DD9DF5-0FFB-4726-9618-068709D7AAC6}
		{864A8C97-7302-409B-B683-1D53595F39EB} = {864A8C97-7302-409B-B683-1D53595F39EB}
		{3D156058-8BB8-4C54-89DA-E9E0061B3A88} = {3D156058-8BB8-4C54-89DA-E9E0061B3A88}
	EndProjectSection
EndProject
Project("{8BC9CEB8-8B4A-11D0-8D11-00A0C91BC942}") = "ParticleEditor", "Tools\ParticleEditor\ParticleEditor.vcproj", "{EC86050A-0804-4107-AF24-8511D5DF4951}"
EndProject
Project("{8BC9CEB8-8B4A-11D0-8D11-00A0C91BC942}") = "RTS", "RTS.vcproj", "{55357F18-5ED4-491D-AF8B-9F2AA70B6D9D}"
	ProjectSection(ProjectDependencies) = postProject
		{9D9953BC-4292-4A65-8513-84DE51F07112} = {9D9953BC-4292-4A65-8513-84DE51F07112}
		{9655D500-0655-452A-AADA-C89334C33440} = {9655D500-0655-452A-AADA-C89334C33440}
		{40DD9DF5-0FFB-4726-9618-068709D7AAC6} = {40DD9DF5-0FFB-4726-9618-068709D7AAC6}
		{19B0900A-3735-4EBB-87F6-5A7CF280A64B} = {19B0900A-3735-4EBB-87F6-5A7CF280A64B}
		{5DA72DCB-B21F-446F-9902-18EBA7F46133} = {5DA72DCB-B21F-446F-9902-18EBA7F46133}
		{56B398C3-0CD9-447F-9003-C80E5BA7F92E} = {56B398C3-0CD9-447F-9003-C80E5BA7F92E}
		{CDFC4C2A-6FEE-440D-BFC7-70476B8D2509} = {CDFC4C2A-6FEE-440D-BFC7-70476B8D2509}
		{864A8C97-7302-409B-B683-1D53595F39EB} = {864A8C97-7302-409B-B683-1D53595F39EB}
		{BF1BDB2E-7E16-4C4F-8629-CC6437D21566} = {BF1BDB2E-7E16-4C4F-8629-CC6437D21566}
		{AA79A0A0-5315-4A99-9969-1007F4243E13} = {AA79A0A0-5315-4A99-9969-1007F4243E13}
		{F0D40A7F-B040-4132-AFD0-C05976613D32} = {F0D40A7F-B040-4132-AFD0-C05976613D32}
		{550AC953-B945-4A55-9DD7-DA82C0EF52F5} = {550AC953-B945-4A55-9DD7-DA82C0EF52F5}
		{100346FF-4344-44AA-8209-ABCD7243EB0A} = {100346FF-4344-44AA-8209-ABCD7243EB0A}
		{F7C1C727-1664-4122-9378-28CA6D4319BC} = {F7C1C727-1664-4122-9378-28CA6D4319BC}
		{F397F3F4-E3E7-4D62-BF5F-483CBC3858FE} = {F397F3F4-E3E7-4D62-BF5F-483CBC3858FE}
		{3D156058-8BB8-4C54-89DA-E9E0061B3A88} = {3D156058-8BB8-4C54-89DA-E9E0061B3A88}
		{624D7A61-41CC-4AF9-B4A4-E4D222B9714A} = {624D7A61-41CC-4AF9-B4A4-E4D222B9714A}
		{166CF86C-D01E-48D2-B337-D2932ACD3749} = {166CF86C-D01E-48D2-B337-D2932ACD3749}
		{FE9F2BE1-E060-461B-B863-CF90745CEBA5} = {FE9F2BE1-E060-461B-B863-CF90745CEBA5}
		{EC86050A-0804-4107-AF24-8511D5DF4951} = {EC86050A-0804-4107-AF24-8511D5DF4951}
		{F8117E4D-79C3-465D-AF30-5AB724D9A971} = {F8117E4D-79C3-465D-AF30-5AB724D9A971}
		{B7D371A2-F4DB-4AE9-BB51-F5AA9EFD86EA} = {B7D371A2-F4DB-4AE9-BB51-F5AA9EFD86EA}
	EndProjectSection
EndProject
Project("{8BC9CEB8-8B4A-11D0-8D11-00A0C91BC942}") = "WWDownload", "Libraries\Source\WWVegas\WWDownload\WWDownload.vcproj", "{F0D40A7F-B040-4132-AFD0-C05976613D32}"
EndProject
Project("{8BC9CEB8-8B4A-11D0-8D11-00A0C91BC942}") = "WorldBuilder", "Tools\WorldBuilder\WorldBuilder.vcproj", "{A28E0EDC-D388-48F7-B75F-BBD98F05787F}"
	ProjectSection(ProjectDependencies) = postProject
		{3D156058-8BB8-4C54-89DA-E9E0061B3A88} = {3D156058-8BB8-4C54-89DA-E9E0061B3A88}
		{F8117E4D-79C3-465D-AF30-5AB724D9A971} = {F8117E4D-79C3-465D-AF30-5AB724D9A971}
		{9D9953BC-4292-4A65-8513-84DE51F07112} = {9D9953BC-4292-4A65-8513-84DE51F07112}
		{9655D500-0655-452A-AADA-C89334C33440} = {9655D500-0655-452A-AADA-C89334C33440}
		{19B0900A-3735-4EBB-87F6-5A7CF280A64B} = {19B0900A-3735-4EBB-87F6-5A7CF280A64B}
		{5DA72DCB-B21F-446F-9902-18EBA7F46133} = {5DA72DCB-B21F-446F-9902-18EBA7F46133}
		{F0D40A7F-B040-4132-AFD0-C05976613D32} = {F0D40A7F-B040-4132-AFD0-C05976613D32}
		{56B398C3-0CD9-447F-9003-C80E5BA7F92E} = {56B398C3-0CD9-447F-9003-C80E5BA7F92E}
		{40DD9DF5-0FFB-4726-9618-068709D7AAC6} = {40DD9DF5-0FFB-4726-9618-068709D7AAC6}
		{864A8C97-7302-409B-B683-1D53595F39EB} = {864A8C97-7302-409B-B683-1D53595F39EB}
		{CDFC4C2A-6FEE-440D-BFC7-70476B8D2509} = {CDFC4C2A-6FEE-440D-BFC7-70476B8D2509}
		{BF1BDB2E-7E16-4C4F-8629-CC6437D21566} = {BF1BDB2E-7E16-4C4F-8629-CC6437D21566}
		{AA79A0A0-5315-4A99-9969-1007F4243E13} = {AA79A0A0-5315-4A99-9969-1007F4243E13}
		{100346FF-4344-44AA-8209-ABCD7243EB0A} = {100346FF-4344-44AA-8209-ABCD7243EB0A}
		{F7C1C727-1664-4122-9378-28CA6D4319BC} = {F7C1C727-1664-4122-9378-28CA6D4319BC}
		{F397F3F4-E3E7-4D62-BF5F-483CBC3858FE} = {F397F3F4-E3E7-4D62-BF5F-483CBC3858FE}
	EndProjectSection
EndProject
Project("{8BC9CEB8-8B4A-11D0-8D11-00A0C91BC942}") = "buildVersionUpdate", "Tools\buildVersionUpdate\buildVersionUpdate.vcproj", "{B7D371A2-F4DB-4AE9-BB51-F5AA9EFD86EA}"
EndProject
Project("{8BC9CEB8-8B4A-11D0-8D11-00A0C91BC942}") = "launcher", "Tools\Launcher\launcher.vcproj", "{166CF86C-D01E-48D2-B337-D2932ACD3749}"
EndProject
Project("{8BC9CEB8-8B4A-11D0-8D11-00A0C91BC942}") = "max2w3d", "Tools\WW3D\max2w3d\max2w3d.vcproj", "{B43ADFF2-E4AF-4603-9EEF-2F850B8AACD7}"
	ProjectSection(ProjectDependencies) = postProject
		{E866E2EB-1C01-4DE7-AC5B-D5B28D202463} = {E866E2EB-1C01-4DE7-AC5B-D5B28D202463}
	EndProjectSection
EndProject
Project("{8BC9CEB8-8B4A-11D0-8D11-00A0C91BC942}") = "pluglib", "Tools\WW3D\pluglib\pluglib.vcproj", "{E866E2EB-1C01-4DE7-AC5B-D5B28D202463}"
EndProject
Project("{8BC9CEB8-8B4A-11D0-8D11-00A0C91BC942}") = "textureCompress", "Tools\textureCompress\textureCompress.vcproj", "{4C0679F9-CC7E-457E-A2A8-443C317BABED}"
EndProject
Project("{8BC9CEB8-8B4A-11D0-8D11-00A0C91BC942}") = "versionUpdate", "Tools\versionUpdate\versionUpdate.vcproj", "{624D7A61-41CC-4AF9-B4A4-E4D222B9714A}"
EndProject
Project("{8BC9CEB8-8B4A-11D0-8D11-00A0C91BC942}") = "ww3d2", "Libraries\Source\WWVegas\WW3D2\ww3d2.vcproj", "{19B0900A-3735-4EBB-87F6-5A7CF280A64B}"
EndProject
Project("{8BC9CEB8-8B4A-11D0-8D11-00A0C91BC942}") = "wwdebug", "Libraries\Source\WWVegas\WWDebug\wwdebug.vcproj", "{5DA72DCB-B21F-446F-9902-18EBA7F46133}"
EndProject
Project("{8BC9CEB8-8B4A-11D0-8D11-00A0C91BC942}") = "wwlib", "Libraries\Source\WWVegas\WWLib\wwlib.vcproj", "{56B398C3-0CD9-447F-9003-C80E5BA7F92E}"
EndProject
Project("{8BC9CEB8-8B4A-11D0-8D11-00A0C91BC942}") = "wwmath", "Libraries\Source\WWVegas\WWMath\wwmath.vcproj", "{40DD9DF5-0FFB-4726-9618-068709D7AAC6}"
EndProject
Project("{8BC9CEB8-8B4A-11D0-8D11-00A0C91BC942}") = "wwsaveload", "Libraries\Source\WWVegas\WWSaveLoad\wwsaveload.vcproj", "{864A8C97-7302-409B-B683-1D53595F39EB}"
EndProject
Project("{8BC9CEB8-8B4A-11D0-8D11-00A0C91BC942}") = "wwutil", "Libraries\Source\WWVegas\Wwutil\wwutil.vcproj", "{CDFC4C2A-6FEE-440D-BFC7-70476B8D2509}"
EndProject
Global
	GlobalSection(SolutionConfigurationPlatforms) = preSolution
		Debug|Win32 = Debug|Win32
		DebugE|Win32 = DebugE|Win32
		Hybrid|Win32 = Hybrid|Win32
		Internal|Win32 = Internal|Win32
		Max4Hybrid|Win32 = Max4Hybrid|Win32
		Max4Release|Win32 = Max4Release|Win32
		Profile|Win32 = Profile|Win32
		ProfileE|Win32 = ProfileE|Win32
		Release|Win32 = Release|Win32
	EndGlobalSection
	GlobalSection(ProjectConfigurationPlatforms) = postSolution
		{98DACD57-C564-43EA-97F8-94D4CE1D73C4}.Debug|Win32.ActiveCfg = Debug|Win32
		{98DACD57-C564-43EA-97F8-94D4CE1D73C4}.Debug|Win32.Build.0 = Debug|Win32
		{98DACD57-C564-43EA-97F8-94D4CE1D73C4}.DebugE|Win32.ActiveCfg = Debug|Win32
		{98DACD57-C564-43EA-97F8-94D4CE1D73C4}.DebugE|Win32.Build.0 = Debug|Win32
		{98DACD57-C564-43EA-97F8-94D4CE1D73C4}.Hybrid|Win32.ActiveCfg = Debug|Win32
		{98DACD57-C564-43EA-97F8-94D4CE1D73C4}.Hybrid|Win32.Build.0 = Debug|Win32
		{98DACD57-C564-43EA-97F8-94D4CE1D73C4}.Internal|Win32.ActiveCfg = Debug|Win32
		{98DACD57-C564-43EA-97F8-94D4CE1D73C4}.Internal|Win32.Build.0 = Debug|Win32
		{98DACD57-C564-43EA-97F8-94D4CE1D73C4}.Max4Hybrid|Win32.ActiveCfg = Debug|Win32
		{98DACD57-C564-43EA-97F8-94D4CE1D73C4}.Max4Hybrid|Win32.Build.0 = Debug|Win32
		{98DACD57-C564-43EA-97F8-94D4CE1D73C4}.Max4Release|Win32.ActiveCfg = Release|Win32
		{98DACD57-C564-43EA-97F8-94D4CE1D73C4}.Max4Release|Win32.Build.0 = Release|Win32
		{98DACD57-C564-43EA-97F8-94D4CE1D73C4}.Profile|Win32.ActiveCfg = Debug|Win32
		{98DACD57-C564-43EA-97F8-94D4CE1D73C4}.Profile|Win32.Build.0 = Debug|Win32
		{98DACD57-C564-43EA-97F8-94D4CE1D73C4}.ProfileE|Win32.ActiveCfg = Debug|Win32
		{98DACD57-C564-43EA-97F8-94D4CE1D73C4}.ProfileE|Win32.Build.0 = Debug|Win32
		{98DACD57-C564-43EA-97F8-94D4CE1D73C4}.Release|Win32.ActiveCfg = Release|Win32
		{98DACD57-C564-43EA-97F8-94D4CE1D73C4}.Release|Win32.Build.0 = Release|Win32
		{F8117E4D-79C3-465D-AF30-5AB724D9A971}.Debug|Win32.ActiveCfg = Debug|Win32
		{F8117E4D-79C3-465D-AF30-5AB724D9A971}.Debug|Win32.Build.0 = Debug|Win32
		{F8117E4D-79C3-465D-AF30-5AB724D9A971}.DebugE|Win32.ActiveCfg = Debug|Win32
		{F8117E4D-79C3-465D-AF30-5AB724D9A971}.DebugE|Win32.Build.0 = Debug|Win32
		{F8117E4D-79C3-465D-AF30-5AB724D9A971}.Hybrid|Win32.ActiveCfg = Debug|Win32
		{F8117E4D-79C3-465D-AF30-5AB724D9A971}.Hybrid|Win32.Build.0 = Debug|Win32
		{F8117E4D-79C3-465D-AF30-5AB724D9A971}.Internal|Win32.ActiveCfg = Internal|Win32
		{F8117E4D-79C3-465D-AF30-5AB724D9A971}.Internal|Win32.Build.0 = Internal|Win32
		{F8117E4D-79C3-465D-AF30-5AB724D9A971}.Max4Hybrid|Win32.ActiveCfg = Debug|Win32
		{F8117E4D-79C3-465D-AF30-5AB724D9A971}.Max4Hybrid|Win32.Build.0 = Debug|Win32
		{F8117E4D-79C3-465D-AF30-5AB724D9A971}.Max4Release|Win32.ActiveCfg = Release|Win32
		{F8117E4D-79C3-465D-AF30-5AB724D9A971}.Max4Release|Win32.Build.0 = Release|Win32
		{F8117E4D-79C3-465D-AF30-5AB724D9A971}.Profile|Win32.ActiveCfg = Debug|Win32
		{F8117E4D-79C3-465D-AF30-5AB724D9A971}.Profile|Win32.Build.0 = Debug|Win32
		{F8117E4D-79C3-465D-AF30-5AB724D9A971}.ProfileE|Win32.ActiveCfg = Debug|Win32
		{F8117E4D-79C3-465D-AF30-5AB724D9A971}.ProfileE|Win32.Build.0 = Debug|Win32
		{F8117E4D-79C3-465D-AF30-5AB724D9A971}.Release|Win32.ActiveCfg = Release|Win32
		{F8117E4D-79C3-465D-AF30-5AB724D9A971}.Release|Win32.Build.0 = Release|Win32
		{3A70D4B7-FC72-4743-891A-901942DF3B31}.Debug|Win32.ActiveCfg = Debug|Win32
		{3A70D4B7-FC72-4743-891A-901942DF3B31}.Debug|Win32.Build.0 = Debug|Win32
		{3A70D4B7-FC72-4743-891A-901942DF3B31}.DebugE|Win32.ActiveCfg = Debug|Win32
		{3A70D4B7-FC72-4743-891A-901942DF3B31}.DebugE|Win32.Build.0 = Debug|Win32
		{3A70D4B7-FC72-4743-891A-901942DF3B31}.Hybrid|Win32.ActiveCfg = Release|Win32
		{3A70D4B7-FC72-4743-891A-901942DF3B31}.Hybrid|Win32.Build.0 = Release|Win32
		{3A70D4B7-FC72-4743-891A-901942DF3B31}.Internal|Win32.ActiveCfg = Release|Win32
		{3A70D4B7-FC72-4743-891A-901942DF3B31}.Internal|Win32.Build.0 = Release|Win32
		{3A70D4B7-FC72-4743-891A-901942DF3B31}.Max4Hybrid|Win32.ActiveCfg = Release|Win32
		{3A70D4B7-FC72-4743-891A-901942DF3B31}.Max4Hybrid|Win32.Build.0 = Release|Win32
		{3A70D4B7-FC72-4743-891A-901942DF3B31}.Max4Release|Win32.ActiveCfg = Release|Win32
		{3A70D4B7-FC72-4743-891A-901942DF3B31}.Max4Release|Win32.Build.0 = Release|Win32
		{3A70D4B7-FC72-4743-891A-901942DF3B31}.Profile|Win32.ActiveCfg = Release|Win32
		{3A70D4B7-FC72-4743-891A-901942DF3B31}.Profile|Win32.Build.0 = Release|Win32
		{3A70D4B7-FC72-4743-891A-901942DF3B31}.ProfileE|Win32.ActiveCfg = Release|Win32
		{3A70D4B7-FC72-4743-891A-901942DF3B31}.ProfileE|Win32.Build.0 = Release|Win32
		{3A70D4B7-FC72-4743-891A-901942DF3B31}.Release|Win32.ActiveCfg = Release|Win32
		{3A70D4B7-FC72-4743-891A-901942DF3B31}.Release|Win32.Build.0 = Release|Win32
		{FE9F2BE1-E060-461B-B863-CF90745CEBA5}.Debug|Win32.ActiveCfg = Debug|Win32
		{FE9F2BE1-E060-461B-B863-CF90745CEBA5}.Debug|Win32.Build.0 = Debug|Win32
		{FE9F2BE1-E060-461B-B863-CF90745CEBA5}.DebugE|Win32.ActiveCfg = Debug|Win32
		{FE9F2BE1-E060-461B-B863-CF90745CEBA5}.DebugE|Win32.Build.0 = Debug|Win32
		{FE9F2BE1-E060-461B-B863-CF90745CEBA5}.Hybrid|Win32.ActiveCfg = Release|Win32
		{FE9F2BE1-E060-461B-B863-CF90745CEBA5}.Hybrid|Win32.Build.0 = Release|Win32
		{FE9F2BE1-E060-461B-B863-CF90745CEBA5}.Internal|Win32.ActiveCfg = Release|Win32
		{FE9F2BE1-E060-461B-B863-CF90745CEBA5}.Internal|Win32.Build.0 = Release|Win32
		{FE9F2BE1-E060-461B-B863-CF90745CEBA5}.Max4Hybrid|Win32.ActiveCfg = Release|Win32
		{FE9F2BE1-E060-461B-B863-CF90745CEBA5}.Max4Hybrid|Win32.Build.0 = Release|Win32
		{FE9F2BE1-E060-461B-B863-CF90745CEBA5}.Max4Release|Win32.ActiveCfg = Release|Win32
		{FE9F2BE1-E060-461B-B863-CF90745CEBA5}.Max4Release|Win32.Build.0 = Release|Win32
		{FE9F2BE1-E060-461B-B863-CF90745CEBA5}.Profile|Win32.ActiveCfg = Release|Win32
		{FE9F2BE1-E060-461B-B863-CF90745CEBA5}.Profile|Win32.Build.0 = Release|Win32
		{FE9F2BE1-E060-461B-B863-CF90745CEBA5}.ProfileE|Win32.ActiveCfg = Release|Win32
		{FE9F2BE1-E060-461B-B863-CF90745CEBA5}.ProfileE|Win32.Build.0 = Release|Win32
		{FE9F2BE1-E060-461B-B863-CF90745CEBA5}.Release|Win32.ActiveCfg = Release|Win32
		{FE9F2BE1-E060-461B-B863-CF90745CEBA5}.Release|Win32.Build.0 = Release|Win32
		{550AC953-B945-4A55-9DD7-DA82C0EF52F5}.Debug|Win32.ActiveCfg = Debug|Win32
		{550AC953-B945-4A55-9DD7-DA82C0EF52F5}.Debug|Win32.Build.0 = Debug|Win32
		{550AC953-B945-4A55-9DD7-DA82C0EF52F5}.DebugE|Win32.ActiveCfg = Debug|Win32
		{550AC953-B945-4A55-9DD7-DA82C0EF52F5}.DebugE|Win32.Build.0 = Debug|Win32
		{550AC953-B945-4A55-9DD7-DA82C0EF52F5}.Hybrid|Win32.ActiveCfg = Internal|Win32
		{550AC953-B945-4A55-9DD7-DA82C0EF52F5}.Hybrid|Win32.Build.0 = Internal|Win32
		{550AC953-B945-4A55-9DD7-DA82C0EF52F5}.Internal|Win32.ActiveCfg = Internal|Win32
		{550AC953-B945-4A55-9DD7-DA82C0EF52F5}.Internal|Win32.Build.0 = Internal|Win32
		{550AC953-B945-4A55-9DD7-DA82C0EF52F5}.Max4Hybrid|Win32.ActiveCfg = Internal|Win32
		{550AC953-B945-4A55-9DD7-DA82C0EF52F5}.Max4Hybrid|Win32.Build.0 = Internal|Win32
		{550AC953-B945-4A55-9DD7-DA82C0EF52F5}.Max4Release|Win32.ActiveCfg = Release|Win32
		{550AC953-B945-4A55-9DD7-DA82C0EF52F5}.Max4Release|Win32.Build.0 = Release|Win32
		{550AC953-B945-4A55-9DD7-DA82C0EF52F5}.Profile|Win32.ActiveCfg = Internal|Win32
		{550AC953-B945-4A55-9DD7-DA82C0EF52F5}.Profile|Win32.Build.0 = Internal|Win32
		{550AC953-B945-4A55-9DD7-DA82C0EF52F5}.ProfileE|Win32.ActiveCfg = Internal|Win32
		{550AC953-B945-4A55-9DD7-DA82C0EF52F5}.ProfileE|Win32.Build.0 = Internal|Win32
		{550AC953-B945-4A55-9DD7-DA82C0EF52F5}.Release|Win32.ActiveCfg = Release|Win32
		{550AC953-B945-4A55-9DD7-DA82C0EF52F5}.Release|Win32.Build.0 = Release|Win32
		{00DF5D71-C327-4997-9572-33DB925DF886}.Debug|Win32.ActiveCfg = Debug|Win32
		{00DF5D71-C327-4997-9572-33DB925DF886}.Debug|Win32.Build.0 = Debug|Win32
		{00DF5D71-C327-4997-9572-33DB925DF886}.DebugE|Win32.ActiveCfg = Debug|Win32
		{00DF5D71-C327-4997-9572-33DB925DF886}.DebugE|Win32.Build.0 = Debug|Win32
		{00DF5D71-C327-4997-9572-33DB925DF886}.Hybrid|Win32.ActiveCfg = Internal|Win32
		{00DF5D71-C327-4997-9572-33DB925DF886}.Hybrid|Win32.Build.0 = Internal|Win32
		{00DF5D71-C327-4997-9572-33DB925DF886}.Internal|Win32.ActiveCfg = Internal|Win32
		{00DF5D71-C327-4997-9572-33DB925DF886}.Internal|Win32.Build.0 = Internal|Win32
		{00DF5D71-C327-4997-9572-33DB925DF886}.Max4Hybrid|Win32.ActiveCfg = Internal|Win32
		{00DF5D71-C327-4997-9572-33DB925DF886}.Max4Hybrid|Win32.Build.0 = Internal|Win32
		{00DF5D71-C327-4997-9572-33DB925DF886}.Max4Release|Win32.ActiveCfg = Release|Win32
		{00DF5D71-C327-4997-9572-33DB925DF886}.Max4Release|Win32.Build.0 = Release|Win32
		{00DF5D71-C327-4997-9572-33DB925DF886}.Profile|Win32.ActiveCfg = Internal|Win32
		{00DF5D71-C327-4997-9572-33DB925DF886}.Profile|Win32.Build.0 = Internal|Win32
		{00DF5D71-C327-4997-9572-33DB925DF886}.ProfileE|Win32.ActiveCfg = Internal|Win32
		{00DF5D71-C327-4997-9572-33DB925DF886}.ProfileE|Win32.Build.0 = Internal|Win32
		{00DF5D71-C327-4997-9572-33DB925DF886}.Release|Win32.ActiveCfg = Release|Win32
		{00DF5D71-C327-4997-9572-33DB925DF886}.Release|Win32.Build.0 = Release|Win32
		{9D9953BC-4292-4A65-8513-84DE51F07112}.Debug|Win32.ActiveCfg = Debug|Win32
		{9D9953BC-4292-4A65-8513-84DE51F07112}.Debug|Win32.Build.0 = Debug|Win32
		{9D9953BC-4292-4A65-8513-84DE51F07112}.DebugE|Win32.ActiveCfg = Debug|Win32
		{9D9953BC-4292-4A65-8513-84DE51F07112}.DebugE|Win32.Build.0 = Debug|Win32
		{9D9953BC-4292-4A65-8513-84DE51F07112}.Hybrid|Win32.ActiveCfg = Release|Win32
		{9D9953BC-4292-4A65-8513-84DE51F07112}.Hybrid|Win32.Build.0 = Release|Win32
		{9D9953BC-4292-4A65-8513-84DE51F07112}.Internal|Win32.ActiveCfg = Internal|Win32
		{9D9953BC-4292-4A65-8513-84DE51F07112}.Internal|Win32.Build.0 = Internal|Win32
		{9D9953BC-4292-4A65-8513-84DE51F07112}.Max4Hybrid|Win32.ActiveCfg = Release|Win32
		{9D9953BC-4292-4A65-8513-84DE51F07112}.Max4Hybrid|Win32.Build.0 = Release|Win32
		{9D9953BC-4292-4A65-8513-84DE51F07112}.Max4Release|Win32.ActiveCfg = Release|Win32
		{9D9953BC-4292-4A65-8513-84DE51F07112}.Max4Release|Win32.Build.0 = Release|Win32
		{9D9953BC-4292-4A65-8513-84DE51F07112}.Profile|Win32.ActiveCfg = Release|Win32
		{9D9953BC-4292-4A65-8513-84DE51F07112}.Profile|Win32.Build.0 = Release|Win32
		{9D9953BC-4292-4A65-8513-84DE51F07112}.ProfileE|Win32.ActiveCfg = Release|Win32
		{9D9953BC-4292-4A65-8513-84DE51F07112}.ProfileE|Win32.Build.0 = Release|Win32
		{9D9953BC-4292-4A65-8513-84DE51F07112}.Release|Win32.ActiveCfg = Release|Win32
		{9D9953BC-4292-4A65-8513-84DE51F07112}.Release|Win32.Build.0 = Release|Win32
		{9655D500-0655-452A-AADA-C89334C33440}.Debug|Win32.ActiveCfg = Debug|Win32
		{9655D500-0655-452A-AADA-C89334C33440}.Debug|Win32.Build.0 = Debug|Win32
		{9655D500-0655-452A-AADA-C89334C33440}.DebugE|Win32.ActiveCfg = Debug|Win32
		{9655D500-0655-452A-AADA-C89334C33440}.DebugE|Win32.Build.0 = Debug|Win32
		{9655D500-0655-452A-AADA-C89334C33440}.Hybrid|Win32.ActiveCfg = Release|Win32
		{9655D500-0655-452A-AADA-C89334C33440}.Hybrid|Win32.Build.0 = Release|Win32
		{9655D500-0655-452A-AADA-C89334C33440}.Internal|Win32.ActiveCfg = Internal|Win32
		{9655D500-0655-452A-AADA-C89334C33440}.Internal|Win32.Build.0 = Internal|Win32
		{9655D500-0655-452A-AADA-C89334C33440}.Max4Hybrid|Win32.ActiveCfg = Release|Win32
		{9655D500-0655-452A-AADA-C89334C33440}.Max4Hybrid|Win32.Build.0 = Release|Win32
		{9655D500-0655-452A-AADA-C89334C33440}.Max4Release|Win32.ActiveCfg = Release|Win32
		{9655D500-0655-452A-AADA-C89334C33440}.Max4Release|Win32.Build.0 = Release|Win32
		{9655D500-0655-452A-AADA-C89334C33440}.Profile|Win32.ActiveCfg = Release|Win32
		{9655D500-0655-452A-AADA-C89334C33440}.Profile|Win32.Build.0 = Release|Win32
		{9655D500-0655-452A-AADA-C89334C33440}.ProfileE|Win32.ActiveCfg = Release|Win32
		{9655D500-0655-452A-AADA-C89334C33440}.ProfileE|Win32.Build.0 = Release|Win32
		{9655D500-0655-452A-AADA-C89334C33440}.Release|Win32.ActiveCfg = Release|Win32
		{9655D500-0655-452A-AADA-C89334C33440}.Release|Win32.Build.0 = Release|Win32
		{F26B3ACD-1005-4C2D-87A3-050D6A01888B}.Debug|Win32.ActiveCfg = Debug|Win32
		{F26B3ACD-1005-4C2D-87A3-050D6A01888B}.Debug|Win32.Build.0 = Debug|Win32
		{F26B3ACD-1005-4C2D-87A3-050D6A01888B}.DebugE|Win32.ActiveCfg = Debug|Win32
		{F26B3ACD-1005-4C2D-87A3-050D6A01888B}.DebugE|Win32.Build.0 = Debug|Win32
		{F26B3ACD-1005-4C2D-87A3-050D6A01888B}.Hybrid|Win32.ActiveCfg = Release|Win32
		{F26B3ACD-1005-4C2D-87A3-050D6A01888B}.Hybrid|Win32.Build.0 = Release|Win32
		{F26B3ACD-1005-4C2D-87A3-050D6A01888B}.Internal|Win32.ActiveCfg = Internal|Win32
		{F26B3ACD-1005-4C2D-87A3-050D6A01888B}.Internal|Win32.Build.0 = Internal|Win32
		{F26B3ACD-1005-4C2D-87A3-050D6A01888B}.Max4Hybrid|Win32.ActiveCfg = Release|Win32
		{F26B3ACD-1005-4C2D-87A3-050D6A01888B}.Max4Hybrid|Win32.Build.0 = Release|Win32
		{F26B3ACD-1005-4C2D-87A3-050D6A01888B}.Max4Release|Win32.ActiveCfg = Release|Win32
		{F26B3ACD-1005-4C2D-87A3-050D6A01888B}.Max4Release|Win32.Build.0 = Release|Win32
		{F26B3ACD-1005-4C2D-87A3-050D6A01888B}.Profile|Win32.ActiveCfg = Release|Win32
		{F26B3ACD-1005-4C2D-87A3-050D6A01888B}.Profile|Win32.Build.0 = Release|Win32
		{F26B3ACD-1005-4C2D-87A3-050D6A01888B}.ProfileE|Win32.ActiveCfg = Release|Win32
		{F26B3ACD-1005-4C2D-87A3-050D6A01888B}.ProfileE|Win32.Build.0 = Release|Win32
		{F26B3ACD-1005-4C2D-87A3-050D6A01888B}.Release|Win32.ActiveCfg = Release|Win32
		{F26B3ACD-1005-4C2D-87A3-050D6A01888B}.Release|Win32.Build.0 = Release|Win32
		{7128D664-8421-47B1-8BCE-E29394BDA581}.Debug|Win32.ActiveCfg = Debug|Win32
		{7128D664-8421-47B1-8BCE-E29394BDA581}.Debug|Win32.Build.0 = Debug|Win32
		{7128D664-8421-47B1-8BCE-E29394BDA581}.DebugE|Win32.ActiveCfg = Debug|Win32
		{7128D664-8421-47B1-8BCE-E29394BDA581}.DebugE|Win32.Build.0 = Debug|Win32
		{7128D664-8421-47B1-8BCE-E29394BDA581}.Hybrid|Win32.ActiveCfg = Release|Win32
		{7128D664-8421-47B1-8BCE-E29394BDA581}.Hybrid|Win32.Build.0 = Release|Win32
		{7128D664-8421-47B1-8BCE-E29394BDA581}.Internal|Win32.ActiveCfg = Internal|Win32
		{7128D664-8421-47B1-8BCE-E29394BDA581}.Internal|Win32.Build.0 = Internal|Win32
		{7128D664-8421-47B1-8BCE-E29394BDA581}.Max4Hybrid|Win32.ActiveCfg = Release|Win32
		{7128D664-8421-47B1-8BCE-E29394BDA581}.Max4Hybrid|Win32.Build.0 = Release|Win32
		{7128D664-8421-47B1-8BCE-E29394BDA581}.Max4Release|Win32.ActiveCfg = Release|Win32
		{7128D664-8421-47B1-8BCE-E29394BDA581}.Max4Release|Win32.Build.0 = Release|Win32
		{7128D664-8421-47B1-8BCE-E29394BDA581}.Profile|Win32.ActiveCfg = Release|Win32
		{7128D664-8421-47B1-8BCE-E29394BDA581}.Profile|Win32.Build.0 = Release|Win32
		{7128D664-8421-47B1-8BCE-E29394BDA581}.ProfileE|Win32.ActiveCfg = Release|Win32
		{7128D664-8421-47B1-8BCE-E29394BDA581}.ProfileE|Win32.Build.0 = Release|Win32
		{7128D664-8421-47B1-8BCE-E29394BDA581}.Release|Win32.ActiveCfg = Release|Win32
		{7128D664-8421-47B1-8BCE-E29394BDA581}.Release|Win32.Build.0 = Release|Win32
		{EC86050A-0804-4107-AF24-8511D5DF4951}.Debug|Win32.ActiveCfg = Debug|Win32
		{EC86050A-0804-4107-AF24-8511D5DF4951}.Debug|Win32.Build.0 = Debug|Win32
		{EC86050A-0804-4107-AF24-8511D5DF4951}.DebugE|Win32.ActiveCfg = Debug|Win32
		{EC86050A-0804-4107-AF24-8511D5DF4951}.DebugE|Win32.Build.0 = Debug|Win32
		{EC86050A-0804-4107-AF24-8511D5DF4951}.Hybrid|Win32.ActiveCfg = Debug|Win32
		{EC86050A-0804-4107-AF24-8511D5DF4951}.Hybrid|Win32.Build.0 = Debug|Win32
		{EC86050A-0804-4107-AF24-8511D5DF4951}.Internal|Win32.ActiveCfg = Debug|Win32
		{EC86050A-0804-4107-AF24-8511D5DF4951}.Internal|Win32.Build.0 = Debug|Win32
		{EC86050A-0804-4107-AF24-8511D5DF4951}.Max4Hybrid|Win32.ActiveCfg = Debug|Win32
		{EC86050A-0804-4107-AF24-8511D5DF4951}.Max4Hybrid|Win32.Build.0 = Debug|Win32
		{EC86050A-0804-4107-AF24-8511D5DF4951}.Max4Release|Win32.ActiveCfg = Release|Win32
		{EC86050A-0804-4107-AF24-8511D5DF4951}.Max4Release|Win32.Build.0 = Release|Win32
		{EC86050A-0804-4107-AF24-8511D5DF4951}.Profile|Win32.ActiveCfg = Debug|Win32
		{EC86050A-0804-4107-AF24-8511D5DF4951}.Profile|Win32.Build.0 = Debug|Win32
		{EC86050A-0804-4107-AF24-8511D5DF4951}.ProfileE|Win32.ActiveCfg = Debug|Win32
		{EC86050A-0804-4107-AF24-8511D5DF4951}.ProfileE|Win32.Build.0 = Debug|Win32
		{EC86050A-0804-4107-AF24-8511D5DF4951}.Release|Win32.ActiveCfg = Release|Win32
		{EC86050A-0804-4107-AF24-8511D5DF4951}.Release|Win32.Build.0 = Release|Win32
		{55357F18-5ED4-491D-AF8B-9F2AA70B6D9D}.Debug|Win32.ActiveCfg = Debug|Win32
		{55357F18-5ED4-491D-AF8B-9F2AA70B6D9D}.Debug|Win32.Build.0 = Debug|Win32
		{55357F18-5ED4-491D-AF8B-9F2AA70B6D9D}.DebugE|Win32.ActiveCfg = Debug|Win32
		{55357F18-5ED4-491D-AF8B-9F2AA70B6D9D}.DebugE|Win32.Build.0 = Debug|Win32
		{55357F18-5ED4-491D-AF8B-9F2AA70B6D9D}.Hybrid|Win32.ActiveCfg = Debug|Win32
		{55357F18-5ED4-491D-AF8B-9F2AA70B6D9D}.Hybrid|Win32.Build.0 = Debug|Win32
		{55357F18-5ED4-491D-AF8B-9F2AA70B6D9D}.Internal|Win32.ActiveCfg = Internal|Win32
		{55357F18-5ED4-491D-AF8B-9F2AA70B6D9D}.Internal|Win32.Build.0 = Internal|Win32
		{55357F18-5ED4-491D-AF8B-9F2AA70B6D9D}.Max4Hybrid|Win32.ActiveCfg = Debug|Win32
		{55357F18-5ED4-491D-AF8B-9F2AA70B6D9D}.Max4Hybrid|Win32.Build.0 = Debug|Win32
		{55357F18-5ED4-491D-AF8B-9F2AA70B6D9D}.Max4Release|Win32.ActiveCfg = Release|Win32
		{55357F18-5ED4-491D-AF8B-9F2AA70B6D9D}.Max4Release|Win32.Build.0 = Release|Win32
		{55357F18-5ED4-491D-AF8B-9F2AA70B6D9D}.Profile|Win32.ActiveCfg = Debug|Win32
		{55357F18-5ED4-491D-AF8B-9F2AA70B6D9D}.Profile|Win32.Build.0 = Debug|Win32
		{55357F18-5ED4-491D-AF8B-9F2AA70B6D9D}.ProfileE|Win32.ActiveCfg = Debug|Win32
		{55357F18-5ED4-491D-AF8B-9F2AA70B6D9D}.ProfileE|Win32.Build.0 = Debug|Win32
		{55357F18-5ED4-491D-AF8B-9F2AA70B6D9D}.Release|Win32.ActiveCfg = Release|Win32
		{55357F18-5ED4-491D-AF8B-9F2AA70B6D9D}.Release|Win32.Build.0 = Release|Win32
		{F0D40A7F-B040-4132-AFD0-C05976613D32}.Debug|Win32.ActiveCfg = Debug|Win32
		{F0D40A7F-B040-4132-AFD0-C05976613D32}.Debug|Win32.Build.0 = Debug|Win32
		{F0D40A7F-B040-4132-AFD0-C05976613D32}.DebugE|Win32.ActiveCfg = Debug|Win32
		{F0D40A7F-B040-4132-AFD0-C05976613D32}.DebugE|Win32.Build.0 = Debug|Win32
		{F0D40A7F-B040-4132-AFD0-C05976613D32}.Hybrid|Win32.ActiveCfg = Release|Win32
		{F0D40A7F-B040-4132-AFD0-C05976613D32}.Hybrid|Win32.Build.0 = Release|Win32
		{F0D40A7F-B040-4132-AFD0-C05976613D32}.Internal|Win32.ActiveCfg = Internal|Win32
		{F0D40A7F-B040-4132-AFD0-C05976613D32}.Internal|Win32.Build.0 = Internal|Win32
		{F0D40A7F-B040-4132-AFD0-C05976613D32}.Max4Hybrid|Win32.ActiveCfg = Release|Win32
		{F0D40A7F-B040-4132-AFD0-C05976613D32}.Max4Hybrid|Win32.Build.0 = Release|Win32
		{F0D40A7F-B040-4132-AFD0-C05976613D32}.Max4Release|Win32.ActiveCfg = Release|Win32
		{F0D40A7F-B040-4132-AFD0-C05976613D32}.Max4Release|Win32.Build.0 = Release|Win32
		{F0D40A7F-B040-4132-AFD0-C05976613D32}.Profile|Win32.ActiveCfg = Release|Win32
		{F0D40A7F-B040-4132-AFD0-C05976613D32}.Profile|Win32.Build.0 = Release|Win32
		{F0D40A7F-B040-4132-AFD0-C05976613D32}.ProfileE|Win32.ActiveCfg = Release|Win32
		{F0D40A7F-B040-4132-AFD0-C05976613D32}.ProfileE|Win32.Build.0 = Release|Win32
		{F0D40A7F-B040-4132-AFD0-C05976613D32}.Release|Win32.ActiveCfg = Release|Win32
		{F0D40A7F-B040-4132-AFD0-C05976613D32}.Release|Win32.Build.0 = Release|Win32
		{A28E0EDC-D388-48F7-B75F-BBD98F05787F}.Debug|Win32.ActiveCfg = Debug|Win32
		{A28E0EDC-D388-48F7-B75F-BBD98F05787F}.Debug|Win32.Build.0 = Debug|Win32
		{A28E0EDC-D388-48F7-B75F-BBD98F05787F}.DebugE|Win32.ActiveCfg = Debug|Win32
		{A28E0EDC-D388-48F7-B75F-BBD98F05787F}.DebugE|Win32.Build.0 = Debug|Win32
		{A28E0EDC-D388-48F7-B75F-BBD98F05787F}.Hybrid|Win32.ActiveCfg = Release|Win32
		{A28E0EDC-D388-48F7-B75F-BBD98F05787F}.Hybrid|Win32.Build.0 = Release|Win32
		{A28E0EDC-D388-48F7-B75F-BBD98F05787F}.Internal|Win32.ActiveCfg = Internal|Win32
		{A28E0EDC-D388-48F7-B75F-BBD98F05787F}.Internal|Win32.Build.0 = Internal|Win32
		{A28E0EDC-D388-48F7-B75F-BBD98F05787F}.Max4Hybrid|Win32.ActiveCfg = Release|Win32
		{A28E0EDC-D388-48F7-B75F-BBD98F05787F}.Max4Hybrid|Win32.Build.0 = Release|Win32
		{A28E0EDC-D388-48F7-B75F-BBD98F05787F}.Max4Release|Win32.ActiveCfg = Release|Win32
		{A28E0EDC-D388-48F7-B75F-BBD98F05787F}.Max4Release|Win32.Build.0 = Release|Win32
		{A28E0EDC-D388-48F7-B75F-BBD98F05787F}.Profile|Win32.ActiveCfg = Release|Win32
		{A28E0EDC-D388-48F7-B75F-BBD98F05787F}.Profile|Win32.Build.0 = Release|Win32
		{A28E0EDC-D388-48F7-B75F-BBD98F05787F}.ProfileE|Win32.ActiveCfg = Release|Win32
		{A28E0EDC-D388-48F7-B75F-BBD98F05787F}.ProfileE|Win32.Build.0 = Release|Win32
		{A28E0EDC-D388-48F7-B75F-BBD98F05787F}.Release|Win32.ActiveCfg = Release|Win32
		{A28E0EDC-D388-48F7-B75F-BBD98F05787F}.Release|Win32.Build.0 = Release|Win32
		{B7D371A2-F4DB-4AE9-BB51-F5AA9EFD86EA}.Debug|Win32.ActiveCfg = Debug|Win32
		{B7D371A2-F4DB-4AE9-BB51-F5AA9EFD86EA}.Debug|Win32.Build.0 = Debug|Win32
		{B7D371A2-F4DB-4AE9-BB51-F5AA9EFD86EA}.DebugE|Win32.ActiveCfg = Debug|Win32
		{B7D371A2-F4DB-4AE9-BB51-F5AA9EFD86EA}.DebugE|Win32.Build.0 = Debug|Win32
		{B7D371A2-F4DB-4AE9-BB51-F5AA9EFD86EA}.Hybrid|Win32.ActiveCfg = Release|Win32
		{B7D371A2-F4DB-4AE9-BB51-F5AA9EFD86EA}.Hybrid|Win32.Build.0 = Release|Win32
		{B7D371A2-F4DB-4AE9-BB51-F5AA9EFD86EA}.Internal|Win32.ActiveCfg = Release|Win32
		{B7D371A2-F4DB-4AE9-BB51-F5AA9EFD86EA}.Internal|Win32.Build.0 = Release|Win32
		{B7D371A2-F4DB-4AE9-BB51-F5AA9EFD86EA}.Max4Hybrid|Win32.ActiveCfg = Release|Win32
		{B7D371A2-F4DB-4AE9-BB51-F5AA9EFD86EA}.Max4Hybrid|Win32.Build.0 = Release|Win32
		{B7D371A2-F4DB-4AE9-BB51-F5AA9EFD86EA}.Max4Release|Win32.ActiveCfg = Release|Win32
		{B7D371A2-F4DB-4AE9-BB51-F5AA9EFD86EA}.Max4Release|Win32.Build.0 = Release|Win32
		{B7D371A2-F4DB-4AE9-BB51-F5AA9EFD86EA}.Profile|Win32.ActiveCfg = Release|Win32
		{B7D371A2-F4DB-4AE9-BB51-F5AA9EFD86EA}.Profile|Win32.Build.0 = Release|Win32
		{B7D371A2-F4DB-4AE9-BB51-F5AA9EFD86EA}.ProfileE|Win32.ActiveCfg = Release|Win32
		{B7D371A2-F4DB-4AE9-BB51-F5AA9EFD86EA}.ProfileE|Win32.Build.0 = Release|Win32
		{B7D371A2-F4DB-4AE9-BB51-F5AA9EFD86EA}.Release|Win32.ActiveCfg = Release|Win32
		{B7D371A2-F4DB-4AE9-BB51-F5AA9EFD86EA}.Release|Win32.Build.0 = Release|Win32
		{166CF86C-D01E-48D2-B337-D2932ACD3749}.Debug|Win32.ActiveCfg = Debug|Win32
		{166CF86C-D01E-48D2-B337-D2932ACD3749}.Debug|Win32.Build.0 = Debug|Win32
		{166CF86C-D01E-48D2-B337-D2932ACD3749}.DebugE|Win32.ActiveCfg = Debug|Win32
		{166CF86C-D01E-48D2-B337-D2932ACD3749}.DebugE|Win32.Build.0 = Debug|Win32
		{166CF86C-D01E-48D2-B337-D2932ACD3749}.Hybrid|Win32.ActiveCfg = Release|Win32
		{166CF86C-D01E-48D2-B337-D2932ACD3749}.Hybrid|Win32.Build.0 = Release|Win32
		{166CF86C-D01E-48D2-B337-D2932ACD3749}.Internal|Win32.ActiveCfg = Release|Win32
		{166CF86C-D01E-48D2-B337-D2932ACD3749}.Internal|Win32.Build.0 = Release|Win32
		{166CF86C-D01E-48D2-B337-D2932ACD3749}.Max4Hybrid|Win32.ActiveCfg = Release|Win32
		{166CF86C-D01E-48D2-B337-D2932ACD3749}.Max4Hybrid|Win32.Build.0 = Release|Win32
		{166CF86C-D01E-48D2-B337-D2932ACD3749}.Max4Release|Win32.ActiveCfg = Release|Win32
		{166CF86C-D01E-48D2-B337-D2932ACD3749}.Max4Release|Win32.Build.0 = Release|Win32
		{166CF86C-D01E-48D2-B337-D2932ACD3749}.Profile|Win32.ActiveCfg = Release|Win32
		{166CF86C-D01E-48D2-B337-D2932ACD3749}.Profile|Win32.Build.0 = Release|Win32
		{166CF86C-D01E-48D2-B337-D2932ACD3749}.ProfileE|Win32.ActiveCfg = Release|Win32
		{166CF86C-D01E-48D2-B337-D2932ACD3749}.ProfileE|Win32.Build.0 = Release|Win32
		{166CF86C-D01E-48D2-B337-D2932ACD3749}.Release|Win32.ActiveCfg = Release|Win32
		{166CF86C-D01E-48D2-B337-D2932ACD3749}.Release|Win32.Build.0 = Release|Win32
		{B43ADFF2-E4AF-4603-9EEF-2F850B8AACD7}.Debug|Win32.ActiveCfg = Debug|Win32
		{B43ADFF2-E4AF-4603-9EEF-2F850B8AACD7}.Debug|Win32.Build.0 = Debug|Win32
		{B43ADFF2-E4AF-4603-9EEF-2F850B8AACD7}.DebugE|Win32.ActiveCfg = Debug|Win32
		{B43ADFF2-E4AF-4603-9EEF-2F850B8AACD7}.DebugE|Win32.Build.0 = Debug|Win32
		{B43ADFF2-E4AF-4603-9EEF-2F850B8AACD7}.Hybrid|Win32.ActiveCfg = Hybrid|Win32
		{B43ADFF2-E4AF-4603-9EEF-2F850B8AACD7}.Hybrid|Win32.Build.0 = Hybrid|Win32
		{B43ADFF2-E4AF-4603-9EEF-2F850B8AACD7}.Internal|Win32.ActiveCfg = Max4Hybrid|Win32
		{B43ADFF2-E4AF-4603-9EEF-2F850B8AACD7}.Internal|Win32.Build.0 = Max4Hybrid|Win32
		{B43ADFF2-E4AF-4603-9EEF-2F850B8AACD7}.Max4Hybrid|Win32.ActiveCfg = Max4Hybrid|Win32
		{B43ADFF2-E4AF-4603-9EEF-2F850B8AACD7}.Max4Hybrid|Win32.Build.0 = Max4Hybrid|Win32
		{B43ADFF2-E4AF-4603-9EEF-2F850B8AACD7}.Max4Release|Win32.ActiveCfg = Max4Release|Win32
		{B43ADFF2-E4AF-4603-9EEF-2F850B8AACD7}.Max4Release|Win32.Build.0 = Max4Release|Win32
		{B43ADFF2-E4AF-4603-9EEF-2F850B8AACD7}.Profile|Win32.ActiveCfg = Max4Hybrid|Win32
		{B43ADFF2-E4AF-4603-9EEF-2F850B8AACD7}.Profile|Win32.Build.0 = Max4Hybrid|Win32
		{B43ADFF2-E4AF-4603-9EEF-2F850B8AACD7}.ProfileE|Win32.ActiveCfg = Max4Hybrid|Win32
		{B43ADFF2-E4AF-4603-9EEF-2F850B8AACD7}.ProfileE|Win32.Build.0 = Max4Hybrid|Win32
		{B43ADFF2-E4AF-4603-9EEF-2F850B8AACD7}.Release|Win32.ActiveCfg = Release|Win32
		{B43ADFF2-E4AF-4603-9EEF-2F850B8AACD7}.Release|Win32.Build.0 = Release|Win32
		{E866E2EB-1C01-4DE7-AC5B-D5B28D202463}.Debug|Win32.ActiveCfg = Debug|Win32
		{E866E2EB-1C01-4DE7-AC5B-D5B28D202463}.Debug|Win32.Build.0 = Debug|Win32
		{E866E2EB-1C01-4DE7-AC5B-D5B28D202463}.DebugE|Win32.ActiveCfg = Debug|Win32
		{E866E2EB-1C01-4DE7-AC5B-D5B28D202463}.DebugE|Win32.Build.0 = Debug|Win32
		{E866E2EB-1C01-4DE7-AC5B-D5B28D202463}.Hybrid|Win32.ActiveCfg = Hybrid|Win32
		{E866E2EB-1C01-4DE7-AC5B-D5B28D202463}.Hybrid|Win32.Build.0 = Hybrid|Win32
		{E866E2EB-1C01-4DE7-AC5B-D5B28D202463}.Internal|Win32.ActiveCfg = Release|Win32
		{E866E2EB-1C01-4DE7-AC5B-D5B28D202463}.Internal|Win32.Build.0 = Release|Win32
		{E866E2EB-1C01-4DE7-AC5B-D5B28D202463}.Max4Hybrid|Win32.ActiveCfg = Hybrid|Win32
		{E866E2EB-1C01-4DE7-AC5B-D5B28D202463}.Max4Hybrid|Win32.Build.0 = Hybrid|Win32
		{E866E2EB-1C01-4DE7-AC5B-D5B28D202463}.Max4Release|Win32.ActiveCfg = Release|Win32
		{E866E2EB-1C01-4DE7-AC5B-D5B28D202463}.Max4Release|Win32.Build.0 = Release|Win32
		{E866E2EB-1C01-4DE7-AC5B-D5B28D202463}.Profile|Win32.ActiveCfg = Release|Win32
		{E866E2EB-1C01-4DE7-AC5B-D5B28D202463}.Profile|Win32.Build.0 = Release|Win32
		{E866E2EB-1C01-4DE7-AC5B-D5B28D202463}.ProfileE|Win32.ActiveCfg = Release|Win32
		{E866E2EB-1C01-4DE7-AC5B-D5B28D202463}.ProfileE|Win32.Build.0 = Release|Win32
		{E866E2EB-1C01-4DE7-AC5B-D5B28D202463}.Release|Win32.ActiveCfg = Release|Win32
		{E866E2EB-1C01-4DE7-AC5B-D5B28D202463}.Release|Win32.Build.0 = Release|Win32
		{4C0679F9-CC7E-457E-A2A8-443C317BABED}.Debug|Win32.ActiveCfg = Debug|Win32
		{4C0679F9-CC7E-457E-A2A8-443C317BABED}.Debug|Win32.Build.0 = Debug|Win32
		{4C0679F9-CC7E-457E-A2A8-443C317BABED}.DebugE|Win32.ActiveCfg = Debug|Win32
		{4C0679F9-CC7E-457E-A2A8-443C317BABED}.DebugE|Win32.Build.0 = Debug|Win32
		{4C0679F9-CC7E-457E-A2A8-443C317BABED}.Hybrid|Win32.ActiveCfg = Release|Win32
		{4C0679F9-CC7E-457E-A2A8-443C317BABED}.Hybrid|Win32.Build.0 = Release|Win32
		{4C0679F9-CC7E-457E-A2A8-443C317BABED}.Internal|Win32.ActiveCfg = Release|Win32
		{4C0679F9-CC7E-457E-A2A8-443C317BABED}.Internal|Win32.Build.0 = Release|Win32
		{4C0679F9-CC7E-457E-A2A8-443C317BABED}.Max4Hybrid|Win32.ActiveCfg = Release|Win32
		{4C0679F9-CC7E-457E-A2A8-443C317BABED}.Max4Hybrid|Win32.Build.0 = Release|Win32
		{4C0679F9-CC7E-457E-A2A8-443C317BABED}.Max4Release|Win32.ActiveCfg = Release|Win32
		{4C0679F9-CC7E-457E-A2A8-443C317BABED}.Max4Release|Win32.Build.0 = Release|Win32
		{4C0679F9-CC7E-457E-A2A8-443C317BABED}.Profile|Win32.ActiveCfg = Release|Win32
		{4C0679F9-CC7E-457E-A2A8-443C317BABED}.Profile|Win32.Build.0 = Release|Win32
		{4C0679F9-CC7E-457E-A2A8-443C317BABED}.ProfileE|Win32.ActiveCfg = Release|Win32
		{4C0679F9-CC7E-457E-A2A8-443C317BABED}.ProfileE|Win32.Build.0 = Release|Win32
		{4C0679F9-CC7E-457E-A2A8-443C317BABED}.Release|Win32.ActiveCfg = Release|Win32
		{4C0679F9-CC7E-457E-A2A8-443C317BABED}.Release|Win32.Build.0 = Release|Win32
		{624D7A61-41CC-4AF9-B4A4-E4D222B9714A}.Debug|Win32.ActiveCfg = Debug|Win32
		{624D7A61-41CC-4AF9-B4A4-E4D222B9714A}.Debug|Win32.Build.0 = Debug|Win32
		{624D7A61-41CC-4AF9-B4A4-E4D222B9714A}.DebugE|Win32.ActiveCfg = Debug|Win32
		{624D7A61-41CC-4AF9-B4A4-E4D222B9714A}.DebugE|Win32.Build.0 = Debug|Win32
		{624D7A61-41CC-4AF9-B4A4-E4D222B9714A}.Hybrid|Win32.ActiveCfg = Release|Win32
		{624D7A61-41CC-4AF9-B4A4-E4D222B9714A}.Hybrid|Win32.Build.0 = Release|Win32
		{624D7A61-41CC-4AF9-B4A4-E4D222B9714A}.Internal|Win32.ActiveCfg = Release|Win32
		{624D7A61-41CC-4AF9-B4A4-E4D222B9714A}.Internal|Win32.Build.0 = Release|Win32
		{624D7A61-41CC-4AF9-B4A4-E4D222B9714A}.Max4Hybrid|Win32.ActiveCfg = Release|Win32
		{624D7A61-41CC-4AF9-B4A4-E4D222B9714A}.Max4Hybrid|Win32.Build.0 = Release|Win32
		{624D7A61-41CC-4AF9-B4A4-E4D222B9714A}.Max4Release|Win32.ActiveCfg = Release|Win32
		{624D7A61-41CC-4AF9-B4A4-E4D222B9714A}.Max4Release|Win32.Build.0 = Release|Win32
		{624D7A61-41CC-4AF9-B4A4-E4D222B9714A}.Profile|Win32.ActiveCfg = Release|Win32
		{624D7A61-41CC-4AF9-B4A4-E4D222B9714A}.Profile|Win32.Build.0 = Release|Win32
		{624D7A61-41CC-4AF9-B4A4-E4D222B9714A}.ProfileE|Win32.ActiveCfg = Release|Win32
		{624D7A61-41CC-4AF9-B4A4-E4D222B9714A}.ProfileE|Win32.Build.0 = Release|Win32
		{624D7A61-41CC-4AF9-B4A4-E4D222B9714A}.Release|Win32.ActiveCfg = Release|Win32
		{624D7A61-41CC-4AF9-B4A4-E4D222B9714A}.Release|Win32.Build.0 = Release|Win32
		{19B0900A-3735-4EBB-87F6-5A7CF280A64B}.Debug|Win32.ActiveCfg = Debug|Win32
		{19B0900A-3735-4EBB-87F6-5A7CF280A64B}.Debug|Win32.Build.0 = Debug|Win32
		{19B0900A-3735-4EBB-87F6-5A7CF280A64B}.DebugE|Win32.ActiveCfg = DebugE|Win32
		{19B0900A-3735-4EBB-87F6-5A7CF280A64B}.DebugE|Win32.Build.0 = DebugE|Win32
		{19B0900A-3735-4EBB-87F6-5A7CF280A64B}.Hybrid|Win32.ActiveCfg = Release|Win32
		{19B0900A-3735-4EBB-87F6-5A7CF280A64B}.Hybrid|Win32.Build.0 = Release|Win32
		{19B0900A-3735-4EBB-87F6-5A7CF280A64B}.Internal|Win32.ActiveCfg = Internal|Win32
		{19B0900A-3735-4EBB-87F6-5A7CF280A64B}.Internal|Win32.Build.0 = Internal|Win32
		{19B0900A-3735-4EBB-87F6-5A7CF280A64B}.Max4Hybrid|Win32.ActiveCfg = Release|Win32
		{19B0900A-3735-4EBB-87F6-5A7CF280A64B}.Max4Hybrid|Win32.Build.0 = Release|Win32
		{19B0900A-3735-4EBB-87F6-5A7CF280A64B}.Max4Release|Win32.ActiveCfg = Release|Win32
		{19B0900A-3735-4EBB-87F6-5A7CF280A64B}.Max4Release|Win32.Build.0 = Release|Win32
		{19B0900A-3735-4EBB-87F6-5A7CF280A64B}.Profile|Win32.ActiveCfg = Profile|Win32
		{19B0900A-3735-4EBB-87F6-5A7CF280A64B}.Profile|Win32.Build.0 = Profile|Win32
		{19B0900A-3735-4EBB-87F6-5A7CF280A64B}.ProfileE|Win32.ActiveCfg = ProfileE|Win32
		{19B0900A-3735-4EBB-87F6-5A7CF280A64B}.ProfileE|Win32.Build.0 = ProfileE|Win32
		{19B0900A-3735-4EBB-87F6-5A7CF280A64B}.Release|Win32.ActiveCfg = Release|Win32
		{19B0900A-3735-4EBB-87F6-5A7CF280A64B}.Release|Win32.Build.0 = Release|Win32
		{5DA72DCB-B21F-446F-9902-18EBA7F46133}.Debug|Win32.ActiveCfg = Debug|Win32
		{5DA72DCB-B21F-446F-9902-18EBA7F46133}.Debug|Win32.Build.0 = Debug|Win32
		{5DA72DCB-B21F-446F-9902-18EBA7F46133}.DebugE|Win32.ActiveCfg = Debug|Win32
		{5DA72DCB-B21F-446F-9902-18EBA7F46133}.DebugE|Win32.Build.0 = Debug|Win32
		{5DA72DCB-B21F-446F-9902-18EBA7F46133}.Hybrid|Win32.ActiveCfg = Debug|Win32
		{5DA72DCB-B21F-446F-9902-18EBA7F46133}.Hybrid|Win32.Build.0 = Debug|Win32
		{5DA72DCB-B21F-446F-9902-18EBA7F46133}.Internal|Win32.ActiveCfg = Internal|Win32
		{5DA72DCB-B21F-446F-9902-18EBA7F46133}.Internal|Win32.Build.0 = Internal|Win32
		{5DA72DCB-B21F-446F-9902-18EBA7F46133}.Max4Hybrid|Win32.ActiveCfg = Debug|Win32
		{5DA72DCB-B21F-446F-9902-18EBA7F46133}.Max4Hybrid|Win32.Build.0 = Debug|Win32
		{5DA72DCB-B21F-446F-9902-18EBA7F46133}.Max4Release|Win32.ActiveCfg = Release|Win32
		{5DA72DCB-B21F-446F-9902-18EBA7F46133}.Max4Release|Win32.Build.0 = Release|Win32
		{5DA72DCB-B21F-446F-9902-18EBA7F46133}.Profile|Win32.ActiveCfg = Profile|Win32
		{5DA72DCB-B21F-446F-9902-18EBA7F46133}.Profile|Win32.Build.0 = Profile|Win32
		{5DA72DCB-B21F-446F-9902-18EBA7F46133}.ProfileE|Win32.ActiveCfg = Profile|Win32
		{5DA72DCB-B21F-446F-9902-18EBA7F46133}.ProfileE|Win32.Build.0 = Profile|Win32
		{5DA72DCB-B21F-446F-9902-18EBA7F46133}.Release|Win32.ActiveCfg = Release|Win32
		{5DA72DCB-B21F-446F-9902-18EBA7F46133}.Release|Win32.Build.0 = Release|Win32
		{56B398C3-0CD9-447F-9003-C80E5BA7F92E}.Debug|Win32.ActiveCfg = Debug|Win32
		{56B398C3-0CD9-447F-9003-C80E5BA7F92E}.Debug|Win32.Build.0 = Debug|Win32
		{56B398C3-0CD9-447F-9003-C80E5BA7F92E}.DebugE|Win32.ActiveCfg = Debug|Win32
		{56B398C3-0CD9-447F-9003-C80E5BA7F92E}.DebugE|Win32.Build.0 = Debug|Win32
		{56B398C3-0CD9-447F-9003-C80E5BA7F92E}.Hybrid|Win32.ActiveCfg = Profile|Win32
		{56B398C3-0CD9-447F-9003-C80E5BA7F92E}.Hybrid|Win32.Build.0 = Profile|Win32
		{56B398C3-0CD9-447F-9003-C80E5BA7F92E}.Internal|Win32.ActiveCfg = Internal|Win32
		{56B398C3-0CD9-447F-9003-C80E5BA7F92E}.Internal|Win32.Build.0 = Internal|Win32
		{56B398C3-0CD9-447F-9003-C80E5BA7F92E}.Max4Hybrid|Win32.ActiveCfg = Profile|Win32
		{56B398C3-0CD9-447F-9003-C80E5BA7F92E}.Max4Hybrid|Win32.Build.0 = Profile|Win32
		{56B398C3-0CD9-447F-9003-C80E5BA7F92E}.Max4Release|Win32.ActiveCfg = Release|Win32
		{56B398C3-0CD9-447F-9003-C80E5BA7F92E}.Max4Release|Win32.Build.0 = Release|Win32
		{56B398C3-0CD9-447F-9003-C80E5BA7F92E}.Profile|Win32.ActiveCfg = Profile|Win32
		{56B398C3-0CD9-447F-9003-C80E5BA7F92E}.Profile|Win32.Build.0 = Profile|Win32
		{56B398C3-0CD9-447F-9003-C80E5BA7F92E}.ProfileE|Win32.ActiveCfg = Profile|Win32
		{56B398C3-0CD9-447F-9003-C80E5BA7F92E}.ProfileE|Win32.Build.0 = Profile|Win32
		{56B398C3-0CD9-447F-9003-C80E5BA7F92E}.Release|Win32.ActiveCfg = Release|Win32
		{56B398C3-0CD9-447F-9003-C80E5BA7F92E}.Release|Win32.Build.0 = Release|Win32
		{40DD9DF5-0FFB-4726-9618-068709D7AAC6}.Debug|Win32.ActiveCfg = Debug|Win32
		{40DD9DF5-0FFB-4726-9618-068709D7AAC6}.Debug|Win32.Build.0 = Debug|Win32
		{40DD9DF5-0FFB-4726-9618-068709D7AAC6}.DebugE|Win32.ActiveCfg = Debug|Win32
		{40DD9DF5-0FFB-4726-9618-068709D7AAC6}.DebugE|Win32.Build.0 = Debug|Win32
		{40DD9DF5-0FFB-4726-9618-068709D7AAC6}.Hybrid|Win32.ActiveCfg = Profile|Win32
		{40DD9DF5-0FFB-4726-9618-068709D7AAC6}.Hybrid|Win32.Build.0 = Profile|Win32
		{40DD9DF5-0FFB-4726-9618-068709D7AAC6}.Internal|Win32.ActiveCfg = Internal|Win32
		{40DD9DF5-0FFB-4726-9618-068709D7AAC6}.Internal|Win32.Build.0 = Internal|Win32
		{40DD9DF5-0FFB-4726-9618-068709D7AAC6}.Max4Hybrid|Win32.ActiveCfg = Profile|Win32
		{40DD9DF5-0FFB-4726-9618-068709D7AAC6}.Max4Hybrid|Win32.Build.0 = Profile|Win32
		{40DD9DF5-0FFB-4726-9618-068709D7AAC6}.Max4Release|Win32.ActiveCfg = Release|Win32
		{40DD9DF5-0FFB-4726-9618-068709D7AAC6}.Max4Release|Win32.Build.0 = Release|Win32
		{40DD9DF5-0FFB-4726-9618-068709D7AAC6}.Profile|Win32.ActiveCfg = Profile|Win32
		{40DD9DF5-0FFB-4726-9618-068709D7AAC6}.Profile|Win32.Build.0 = Profile|Win32
		{40DD9DF5-0FFB-4726-9618-068709D7AAC6}.ProfileE|Win32.ActiveCfg = Profile|Win32
		{40DD9DF5-0FFB-4726-9618-068709D7AAC6}.ProfileE|Win32.Build.0 = Profile|Win32
		{40DD9DF5-0FFB-4726-9618-068709D7AAC6}.Release|Win32.ActiveCfg = Release|Win32
		{40DD9DF5-0FFB-4726-9618-068709D7AAC6}.Release|Win32.Build.0 = Release|Win32
		{864A8C97-7302-409B-B683-1D53595F39EB}.Debug|Win32.ActiveCfg = Debug|Win32
		{864A8C97-7302-409B-B683-1D53595F39EB}.Debug|Win32.Build.0 = Debug|Win32
		{864A8C97-7302-409B-B683-1D53595F39EB}.DebugE|Win32.ActiveCfg = DebugE|Win32
		{864A8C97-7302-409B-B683-1D53595F39EB}.DebugE|Win32.Build.0 = DebugE|Win32
		{864A8C97-7302-409B-B683-1D53595F39EB}.Hybrid|Win32.ActiveCfg = Debug|Win32
		{864A8C97-7302-409B-B683-1D53595F39EB}.Hybrid|Win32.Build.0 = Debug|Win32
		{864A8C97-7302-409B-B683-1D53595F39EB}.Internal|Win32.ActiveCfg = Internal|Win32
		{864A8C97-7302-409B-B683-1D53595F39EB}.Internal|Win32.Build.0 = Internal|Win32
		{864A8C97-7302-409B-B683-1D53595F39EB}.Max4Hybrid|Win32.ActiveCfg = Debug|Win32
		{864A8C97-7302-409B-B683-1D53595F39EB}.Max4Hybrid|Win32.Build.0 = Debug|Win32
		{864A8C97-7302-409B-B683-1D53595F39EB}.Max4Release|Win32.ActiveCfg = Release|Win32
		{864A8C97-7302-409B-B683-1D53595F39EB}.Max4Release|Win32.Build.0 = Release|Win32
		{864A8C97-7302-409B-B683-1D53595F39EB}.Profile|Win32.ActiveCfg = Profile|Win32
		{864A8C97-7302-409B-B683-1D53595F39EB}.Profile|Win32.Build.0 = Profile|Win32
		{864A8C97-7302-409B-B683-1D53595F39EB}.ProfileE|Win32.ActiveCfg = ProfileE|Win32
		{864A8C97-7302-409B-B683-1D53595F39EB}.ProfileE|Win32.Build.0 = ProfileE|Win32
		{864A8C97-7302-409B-B683-1D53595F39EB}.Release|Win32.ActiveCfg = Release|Win32
		{864A8C97-7302-409B-B683-1D53595F39EB}.Release|Win32.Build.0 = Release|Win32
		{CDFC4C2A-6FEE-440D-BFC7-70476B8D2509}.Debug|Win32.ActiveCfg = Debug|Win32
		{CDFC4C2A-6FEE-440D-BFC7-70476B8D2509}.Debug|Win32.Build.0 = Debug|Win32
		{CDFC4C2A-6FEE-440D-BFC7-70476B8D2509}.DebugE|Win32.ActiveCfg = Debug|Win32
		{CDFC4C2A-6FEE-440D-BFC7-70476B8D2509}.DebugE|Win32.Build.0 = Debug|Win32
		{CDFC4C2A-6FEE-440D-BFC7-70476B8D2509}.Hybrid|Win32.ActiveCfg = Debug|Win32
		{CDFC4C2A-6FEE-440D-BFC7-70476B8D2509}.Hybrid|Win32.Build.0 = Debug|Win32
		{CDFC4C2A-6FEE-440D-BFC7-70476B8D2509}.Internal|Win32.ActiveCfg = Internal|Win32
		{CDFC4C2A-6FEE-440D-BFC7-70476B8D2509}.Internal|Win32.Build.0 = Internal|Win32
		{CDFC4C2A-6FEE-440D-BFC7-70476B8D2509}.Max4Hybrid|Win32.ActiveCfg = Debug|Win32
		{CDFC4C2A-6FEE-440D-BFC7-70476B8D2509}.Max4Hybrid|Win32.Build.0 = Debug|Win32
		{CDFC4C2A-6FEE-440D-BFC7-70476B8D2509}.Max4Release|Win32.ActiveCfg = Release|Win32
		{CDFC4C2A-6FEE-440D-BFC7-70476B8D2509}.Max4Release|Win32.Build.0 = Release|Win32
		{CDFC4C2A-6FEE-440D-BFC7-70476B8D2509}.Profile|Win32.ActiveCfg = Profile|Win32
		{CDFC4C2A-6FEE-440D-BFC7-70476B8D2509}.Profile|Win32.Build.0 = Profile|Win32
		{CDFC4C2A-6FEE-440D-BFC7-70476B8D2509}.ProfileE|Win32.ActiveCfg = Profile|Win32
		{CDFC4C2A-6FEE-440D-BFC7-70476B8D2509}.ProfileE|Win32.Build.0 = Profile|Win32
		{CDFC4C2A-6FEE-440D-BFC7-70476B8D2509}.Release|Win32.ActiveCfg = Release|Win32
		{CDFC4C2A-6FEE-440D-BFC7-70476B8D2509}.Release|Win32.Build.0 = Release|Win32
	EndGlobalSection
	GlobalSection(SolutionProperties) = preSolution
		HideSolutionNode = FALSE
	EndGlobalSection
EndGlobal
